// !$*UTF8*$!
{
	archiveVersion = 1;
	classes = {
	};
	objectVersion = 48;
	objects = {

/* Begin PBXBuildFile section */
		22395D01204E432600177243 /* NavigationPages.swift in Sources */ = {isa = PBXBuildFile; fileRef = 22395D00204E432600177243 /* NavigationPages.swift */; };
		22594972202D969F0047E055 /* SectionFooterView.swift in Sources */ = {isa = PBXBuildFile; fileRef = 22594971202D969F0047E055 /* SectionFooterView.swift */; };
		22594976202DA6EC0047E055 /* CollectionViewCellContent.swift in Sources */ = {isa = PBXBuildFile; fileRef = 22594975202DA6EC0047E055 /* CollectionViewCellContent.swift */; };
		22594978202DAA0C0047E055 /* CollectionViewContentManager.swift in Sources */ = {isa = PBXBuildFile; fileRef = 22594977202DAA0C0047E055 /* CollectionViewContentManager.swift */; };
		2259497B202DCCEC0047E055 /* SectionFooter.swift in Sources */ = {isa = PBXBuildFile; fileRef = 2259497A202DCCEC0047E055 /* SectionFooter.swift */; };
		22891A3D202DEBE7000FEBB4 /* SocialNetwork.swift in Sources */ = {isa = PBXBuildFile; fileRef = 22891A3C202DEBE7000FEBB4 /* SocialNetwork.swift */; };
		228FA9A02047788B003610B3 /* WebViewController.swift in Sources */ = {isa = PBXBuildFile; fileRef = 228FA99F2047788B003610B3 /* WebViewController.swift */; };
		228FA9A2204778B3003610B3 /* TableViewController.swift in Sources */ = {isa = PBXBuildFile; fileRef = 228FA9A1204778B3003610B3 /* TableViewController.swift */; };
		22992258203E5814006CE1AB /* NavigationTableViewController.swift in Sources */ = {isa = PBXBuildFile; fileRef = 22992257203E5814006CE1AB /* NavigationTableViewController.swift */; };
		2299225A203E58FA006CE1AB /* segueToTable.swift in Sources */ = {isa = PBXBuildFile; fileRef = 22992259203E58FA006CE1AB /* segueToTable.swift */; };
		229E61432022A79200D4BDDA /* AppDelegate.swift in Sources */ = {isa = PBXBuildFile; fileRef = 229E61422022A79200D4BDDA /* AppDelegate.swift */; };
		229E61452022A79200D4BDDA /* ViewController.swift in Sources */ = {isa = PBXBuildFile; fileRef = 229E61442022A79200D4BDDA /* ViewController.swift */; };
		229E61482022A79200D4BDDA /* Main.storyboard in Resources */ = {isa = PBXBuildFile; fileRef = 229E61462022A79200D4BDDA /* Main.storyboard */; };
		229E614B2022A79200D4BDDA /* Citizen_Scientist_Project.xcdatamodeld in Sources */ = {isa = PBXBuildFile; fileRef = 229E61492022A79200D4BDDA /* Citizen_Scientist_Project.xcdatamodeld */; };
		229E614D2022A79200D4BDDA /* Assets.xcassets in Resources */ = {isa = PBXBuildFile; fileRef = 229E614C2022A79200D4BDDA /* Assets.xcassets */; };
		229E61502022A79200D4BDDA /* LaunchScreen.storyboard in Resources */ = {isa = PBXBuildFile; fileRef = 229E614E2022A79200D4BDDA /* LaunchScreen.storyboard */; };
		229E615B2022A79200D4BDDA /* Citizen_Scientist_ProjectTests.swift in Sources */ = {isa = PBXBuildFile; fileRef = 229E615A2022A79200D4BDDA /* Citizen_Scientist_ProjectTests.swift */; };
		229E61662022A79200D4BDDA /* Citizen_Scientist_ProjectUITests.swift in Sources */ = {isa = PBXBuildFile; fileRef = 229E61652022A79200D4BDDA /* Citizen_Scientist_ProjectUITests.swift */; };
		22F78C8F202D0F900001049D /* CollectionViewCell.swift in Sources */ = {isa = PBXBuildFile; fileRef = 22F78C8E202D0F900001049D /* CollectionViewCell.swift */; };
		6D021BFE203E2A0C003E35D5 /* LearnViewController.swift in Sources */ = {isa = PBXBuildFile; fileRef = 6D021BFD203E2A0C003E35D5 /* LearnViewController.swift */; };
		6D021C00203E2A36003E35D5 /* ExploreViewController.swift in Sources */ = {isa = PBXBuildFile; fileRef = 6D021BFF203E2A36003E35D5 /* ExploreViewController.swift */; };
		6D021C02203E2A47003E35D5 /* RecordViewController.swift in Sources */ = {isa = PBXBuildFile; fileRef = 6D021C01203E2A47003E35D5 /* RecordViewController.swift */; };
		6D021C04203E2A52003E35D5 /* ReviewViewController.swift in Sources */ = {isa = PBXBuildFile; fileRef = 6D021C03203E2A52003E35D5 /* ReviewViewController.swift */; };
		6D021C06203E2E1D003E35D5 /* KeyChallengeViewController.swift in Sources */ = {isa = PBXBuildFile; fileRef = 6D021C05203E2E1D003E35D5 /* KeyChallengeViewController.swift */; };
		6D021C08203E2E2F003E35D5 /* SeaLevelRiseViewController.swift in Sources */ = {isa = PBXBuildFile; fileRef = 6D021C07203E2E2F003E35D5 /* SeaLevelRiseViewController.swift */; };
		6D021C0A203E2E3F003E35D5 /* WaterWatchViewController.swift in Sources */ = {isa = PBXBuildFile; fileRef = 6D021C09203E2E3F003E35D5 /* WaterWatchViewController.swift */; };
		6D021C0C203E2E52003E35D5 /* ReefRestorationViewController.swift in Sources */ = {isa = PBXBuildFile; fileRef = 6D021C0B203E2E52003E35D5 /* ReefRestorationViewController.swift */; };
		6D021C0E203E2E63003E35D5 /* LectureSeriesViewController.swift in Sources */ = {isa = PBXBuildFile; fileRef = 6D021C0D203E2E63003E35D5 /* LectureSeriesViewController.swift */; };
		6D021C10203E2E72003E35D5 /* FieldActivityViewController.swift in Sources */ = {isa = PBXBuildFile; fileRef = 6D021C0F203E2E72003E35D5 /* FieldActivityViewController.swift */; };
		6D021C12203E3117003E35D5 /* AboutUsViewController.swift in Sources */ = {isa = PBXBuildFile; fileRef = 6D021C11203E3117003E35D5 /* AboutUsViewController.swift */; };
		6D021C14203E3126003E35D5 /* OurBiomesViewController.swift in Sources */ = {isa = PBXBuildFile; fileRef = 6D021C13203E3126003E35D5 /* OurBiomesViewController.swift */; };
		6D021C16203E3133003E35D5 /* NewslettersViewController.swift in Sources */ = {isa = PBXBuildFile; fileRef = 6D021C15203E3133003E35D5 /* NewslettersViewController.swift */; };
		6D021C18203E3142003E35D5 /* OurPartnersViewController.swift in Sources */ = {isa = PBXBuildFile; fileRef = 6D021C17203E3142003E35D5 /* OurPartnersViewController.swift */; };
		6D021C1A203E314E003E35D5 /* ContactUsViewController.swift in Sources */ = {isa = PBXBuildFile; fileRef = 6D021C19203E314E003E35D5 /* ContactUsViewController.swift */; };
		6D0DCF2E203B5AC3000F5D62 /* NavigationTableViewCell.swift in Sources */ = {isa = PBXBuildFile; fileRef = 6D0DCF2D203B5AC3000F5D62 /* NavigationTableViewCell.swift */; };
		6D37E600203C869D00FF4BBA /* ProfileViewController.swift in Sources */ = {isa = PBXBuildFile; fileRef = 6D37E5FF203C869D00FF4BBA /* ProfileViewController.swift */; };
		6D37E602203C884B00FF4BBA /* GeoHuntViewController.swift in Sources */ = {isa = PBXBuildFile; fileRef = 6D37E601203C884B00FF4BBA /* GeoHuntViewController.swift */; };
		6D37E608203C893A00FF4BBA /* EventsViewController.swift in Sources */ = {isa = PBXBuildFile; fileRef = 6D37E607203C893A00FF4BBA /* EventsViewController.swift */; };
		6D37E60A203C897100FF4BBA /* NewsViewController.swift in Sources */ = {isa = PBXBuildFile; fileRef = 6D37E609203C897100FF4BBA /* NewsViewController.swift */; };
		6D9DF564203F3FAC0036C0E2 /* StatusReefRestorationViewController.swift in Sources */ = {isa = PBXBuildFile; fileRef = 6D9DF563203F3FAC0036C0E2 /* StatusReefRestorationViewController.swift */; };
		FAEC2B0E2052CE7400308EE6 /* MDPL_17Feb2016.pdf in Resources */ = {isa = PBXBuildFile; fileRef = FAEC2AFE2052CE7000308EE6 /* MDPL_17Feb2016.pdf */; };
		FAEC2B0F2052CE7400308EE6 /* VKB-Adaptation-Strategies-v2.pptx in Resources */ = {isa = PBXBuildFile; fileRef = FAEC2AFF2052CE7000308EE6 /* VKB-Adaptation-Strategies-v2.pptx */; };
		FAEC2B102052CE7400308EE6 /* CRC-VillageOfKeyBiscayne-FinaltVulnAssess-SM.pdf in Resources */ = {isa = PBXBuildFile; fileRef = FAEC2B002052CE7000308EE6 /* CRC-VillageOfKeyBiscayne-FinaltVulnAssess-SM.pdf */; };
		FAEC2B112052CE7400308EE6 /* Workshop-Summary-Report_06232017.pdf in Resources */ = {isa = PBXBuildFile; fileRef = FAEC2B012052CE7100308EE6 /* Workshop-Summary-Report_06232017.pdf */; };
		FAEC2B122052CE7400308EE6 /* VKB-Adaptation-Strategies-v2.ppt in Resources */ = {isa = PBXBuildFile; fileRef = FAEC2B022052CE7100308EE6 /* VKB-Adaptation-Strategies-v2.ppt */; };
		FAEC2B132052CE7400308EE6 /* Workshop-Powerpoint-Slides.pdf in Resources */ = {isa = PBXBuildFile; fileRef = FAEC2B032052CE7100308EE6 /* Workshop-Powerpoint-Slides.pdf */; };
		FAEC2B142052CE7400308EE6 /* Vulnerability_assessment_11-11-2016.pdf in Resources */ = {isa = PBXBuildFile; fileRef = FAEC2B042052CE7100308EE6 /* Vulnerability_assessment_11-11-2016.pdf */; };
		FAEC2B152052CE7400308EE6 /* Townhall-Fact-Sheet-11-10-2016.pdf in Resources */ = {isa = PBXBuildFile; fileRef = FAEC2B052052CE7100308EE6 /* Townhall-Fact-Sheet-11-10-2016.pdf */; };
		FAEC2B162052CE7400308EE6 /* VKB-Adaptation-Strategies-v2.pdf in Resources */ = {isa = PBXBuildFile; fileRef = FAEC2B062052CE7200308EE6 /* VKB-Adaptation-Strategies-v2.pdf */; };
		FAEC2B172052CE7400308EE6 /* 100-Resilient-Cities.pdf in Resources */ = {isa = PBXBuildFile; fileRef = FAEC2B072052CE7200308EE6 /* 100-Resilient-Cities.pdf */; };
		FAEC2B182052CE7400308EE6 /* SLR-Adaptation-Master-Plan.pdf in Resources */ = {isa = PBXBuildFile; fileRef = FAEC2B082052CE7200308EE6 /* SLR-Adaptation-Master-Plan.pdf */; };
		FAEC2B192052CE7400308EE6 /* Agenda-for-SLR-Townhall-11-10-2016.pdf in Resources */ = {isa = PBXBuildFile; fileRef = FAEC2B092052CE7200308EE6 /* Agenda-for-SLR-Townhall-11-10-2016.pdf */; };
		FAEC2B1A2052CE7400308EE6 /* Survey-Results-2-6-2017.pdf in Resources */ = {isa = PBXBuildFile; fileRef = FAEC2B0A2052CE7200308EE6 /* Survey-Results-2-6-2017.pdf */; };
		FAEC2B1B2052CE7400308EE6 /* Agenda-for-SLR-Townhall-02-16-2017.pdf in Resources */ = {isa = PBXBuildFile; fileRef = FAEC2B0B2052CE7300308EE6 /* Agenda-for-SLR-Townhall-02-16-2017.pdf */; };
		FAEC2B1C2052CE7400308EE6 /* Greater-Miami-and-the-Beaches-Resilience-Strategy.pdf in Resources */ = {isa = PBXBuildFile; fileRef = FAEC2B0C2052CE7300308EE6 /* Greater-Miami-and-the-Beaches-Resilience-Strategy.pdf */; };
		FAEC2B1D2052CE7400308EE6 /* Townhall-Fact-Sheet-02-16-2017.pdf in Resources */ = {isa = PBXBuildFile; fileRef = FAEC2B0D2052CE7300308EE6 /* Townhall-Fact-Sheet-02-16-2017.pdf */; };
/* End PBXBuildFile section */

/* Begin PBXContainerItemProxy section */
		229E61572022A79200D4BDDA /* PBXContainerItemProxy */ = {
			isa = PBXContainerItemProxy;
			containerPortal = 229E61372022A79200D4BDDA /* Project object */;
			proxyType = 1;
			remoteGlobalIDString = 229E613E2022A79200D4BDDA;
			remoteInfo = "Citizen Scientist Project";
		};
		229E61622022A79200D4BDDA /* PBXContainerItemProxy */ = {
			isa = PBXContainerItemProxy;
			containerPortal = 229E61372022A79200D4BDDA /* Project object */;
			proxyType = 1;
			remoteGlobalIDString = 229E613E2022A79200D4BDDA;
			remoteInfo = "Citizen Scientist Project";
		};
/* End PBXContainerItemProxy section */

/* Begin PBXFileReference section */
		22395D00204E432600177243 /* NavigationPages.swift */ = {isa = PBXFileReference; lastKnownFileType = sourcecode.swift; path = NavigationPages.swift; sourceTree = "<group>"; };
		22594971202D969F0047E055 /* SectionFooterView.swift */ = {isa = PBXFileReference; lastKnownFileType = sourcecode.swift; path = SectionFooterView.swift; sourceTree = "<group>"; };
		22594975202DA6EC0047E055 /* CollectionViewCellContent.swift */ = {isa = PBXFileReference; lastKnownFileType = sourcecode.swift; path = CollectionViewCellContent.swift; sourceTree = "<group>"; };
		22594977202DAA0C0047E055 /* CollectionViewContentManager.swift */ = {isa = PBXFileReference; lastKnownFileType = sourcecode.swift; path = CollectionViewContentManager.swift; sourceTree = "<group>"; };
		2259497A202DCCEC0047E055 /* SectionFooter.swift */ = {isa = PBXFileReference; lastKnownFileType = sourcecode.swift; path = SectionFooter.swift; sourceTree = "<group>"; };
		22891A3C202DEBE7000FEBB4 /* SocialNetwork.swift */ = {isa = PBXFileReference; lastKnownFileType = sourcecode.swift; path = SocialNetwork.swift; sourceTree = "<group>"; };
		228FA99F2047788B003610B3 /* WebViewController.swift */ = {isa = PBXFileReference; lastKnownFileType = sourcecode.swift; path = WebViewController.swift; sourceTree = "<group>"; };
		228FA9A1204778B3003610B3 /* TableViewController.swift */ = {isa = PBXFileReference; lastKnownFileType = sourcecode.swift; path = TableViewController.swift; sourceTree = "<group>"; };
		22992257203E5814006CE1AB /* NavigationTableViewController.swift */ = {isa = PBXFileReference; lastKnownFileType = sourcecode.swift; path = NavigationTableViewController.swift; sourceTree = "<group>"; };
		22992259203E58FA006CE1AB /* segueToTable.swift */ = {isa = PBXFileReference; lastKnownFileType = sourcecode.swift; path = segueToTable.swift; sourceTree = "<group>"; };
		229E613F2022A79200D4BDDA /* Citizen-Scientist-Project.app */ = {isa = PBXFileReference; explicitFileType = wrapper.application; includeInIndex = 0; path = "Citizen-Scientist-Project.app"; sourceTree = BUILT_PRODUCTS_DIR; };
		229E61422022A79200D4BDDA /* AppDelegate.swift */ = {isa = PBXFileReference; lastKnownFileType = sourcecode.swift; path = AppDelegate.swift; sourceTree = "<group>"; };
		229E61442022A79200D4BDDA /* ViewController.swift */ = {isa = PBXFileReference; lastKnownFileType = sourcecode.swift; path = ViewController.swift; sourceTree = "<group>"; };
		229E61472022A79200D4BDDA /* Base */ = {isa = PBXFileReference; lastKnownFileType = file.storyboard; name = Base; path = Base.lproj/Main.storyboard; sourceTree = "<group>"; };
		229E614A2022A79200D4BDDA /* Citizen_Scientist_Project.xcdatamodel */ = {isa = PBXFileReference; lastKnownFileType = wrapper.xcdatamodel; path = Citizen_Scientist_Project.xcdatamodel; sourceTree = "<group>"; };
		229E614C2022A79200D4BDDA /* Assets.xcassets */ = {isa = PBXFileReference; lastKnownFileType = folder.assetcatalog; path = Assets.xcassets; sourceTree = "<group>"; };
		229E614F2022A79200D4BDDA /* Base */ = {isa = PBXFileReference; lastKnownFileType = file.storyboard; name = Base; path = Base.lproj/LaunchScreen.storyboard; sourceTree = "<group>"; };
		229E61512022A79200D4BDDA /* Info.plist */ = {isa = PBXFileReference; lastKnownFileType = text.plist.xml; path = Info.plist; sourceTree = "<group>"; };
		229E61562022A79200D4BDDA /* Citizen-Scientist-ProjectTests.xctest */ = {isa = PBXFileReference; explicitFileType = wrapper.cfbundle; includeInIndex = 0; path = "Citizen-Scientist-ProjectTests.xctest"; sourceTree = BUILT_PRODUCTS_DIR; };
		229E615A2022A79200D4BDDA /* Citizen_Scientist_ProjectTests.swift */ = {isa = PBXFileReference; lastKnownFileType = sourcecode.swift; path = Citizen_Scientist_ProjectTests.swift; sourceTree = "<group>"; };
		229E615C2022A79200D4BDDA /* Info.plist */ = {isa = PBXFileReference; lastKnownFileType = text.plist.xml; path = Info.plist; sourceTree = "<group>"; };
		229E61612022A79200D4BDDA /* Citizen-Scientist-ProjectUITests.xctest */ = {isa = PBXFileReference; explicitFileType = wrapper.cfbundle; includeInIndex = 0; path = "Citizen-Scientist-ProjectUITests.xctest"; sourceTree = BUILT_PRODUCTS_DIR; };
		229E61652022A79200D4BDDA /* Citizen_Scientist_ProjectUITests.swift */ = {isa = PBXFileReference; lastKnownFileType = sourcecode.swift; path = Citizen_Scientist_ProjectUITests.swift; sourceTree = "<group>"; };
		229E61672022A79200D4BDDA /* Info.plist */ = {isa = PBXFileReference; lastKnownFileType = text.plist.xml; path = Info.plist; sourceTree = "<group>"; };
		22F78C8E202D0F900001049D /* CollectionViewCell.swift */ = {isa = PBXFileReference; lastKnownFileType = sourcecode.swift; path = CollectionViewCell.swift; sourceTree = "<group>"; };
		6D021BFD203E2A0C003E35D5 /* LearnViewController.swift */ = {isa = PBXFileReference; lastKnownFileType = sourcecode.swift; path = LearnViewController.swift; sourceTree = "<group>"; };
		6D021BFF203E2A36003E35D5 /* ExploreViewController.swift */ = {isa = PBXFileReference; lastKnownFileType = sourcecode.swift; path = ExploreViewController.swift; sourceTree = "<group>"; };
		6D021C01203E2A47003E35D5 /* RecordViewController.swift */ = {isa = PBXFileReference; lastKnownFileType = sourcecode.swift; path = RecordViewController.swift; sourceTree = "<group>"; };
		6D021C03203E2A52003E35D5 /* ReviewViewController.swift */ = {isa = PBXFileReference; lastKnownFileType = sourcecode.swift; path = ReviewViewController.swift; sourceTree = "<group>"; };
		6D021C05203E2E1D003E35D5 /* KeyChallengeViewController.swift */ = {isa = PBXFileReference; lastKnownFileType = sourcecode.swift; path = KeyChallengeViewController.swift; sourceTree = "<group>"; };
		6D021C07203E2E2F003E35D5 /* SeaLevelRiseViewController.swift */ = {isa = PBXFileReference; lastKnownFileType = sourcecode.swift; path = SeaLevelRiseViewController.swift; sourceTree = "<group>"; };
		6D021C09203E2E3F003E35D5 /* WaterWatchViewController.swift */ = {isa = PBXFileReference; lastKnownFileType = sourcecode.swift; path = WaterWatchViewController.swift; sourceTree = "<group>"; };
		6D021C0B203E2E52003E35D5 /* ReefRestorationViewController.swift */ = {isa = PBXFileReference; lastKnownFileType = sourcecode.swift; path = ReefRestorationViewController.swift; sourceTree = "<group>"; };
		6D021C0D203E2E63003E35D5 /* LectureSeriesViewController.swift */ = {isa = PBXFileReference; lastKnownFileType = sourcecode.swift; path = LectureSeriesViewController.swift; sourceTree = "<group>"; };
		6D021C0F203E2E72003E35D5 /* FieldActivityViewController.swift */ = {isa = PBXFileReference; lastKnownFileType = sourcecode.swift; path = FieldActivityViewController.swift; sourceTree = "<group>"; };
		6D021C11203E3117003E35D5 /* AboutUsViewController.swift */ = {isa = PBXFileReference; lastKnownFileType = sourcecode.swift; path = AboutUsViewController.swift; sourceTree = "<group>"; };
		6D021C13203E3126003E35D5 /* OurBiomesViewController.swift */ = {isa = PBXFileReference; lastKnownFileType = sourcecode.swift; path = OurBiomesViewController.swift; sourceTree = "<group>"; };
		6D021C15203E3133003E35D5 /* NewslettersViewController.swift */ = {isa = PBXFileReference; lastKnownFileType = sourcecode.swift; path = NewslettersViewController.swift; sourceTree = "<group>"; };
		6D021C17203E3142003E35D5 /* OurPartnersViewController.swift */ = {isa = PBXFileReference; lastKnownFileType = sourcecode.swift; path = OurPartnersViewController.swift; sourceTree = "<group>"; };
		6D021C19203E314E003E35D5 /* ContactUsViewController.swift */ = {isa = PBXFileReference; lastKnownFileType = sourcecode.swift; path = ContactUsViewController.swift; sourceTree = "<group>"; };
		6D0DCF2D203B5AC3000F5D62 /* NavigationTableViewCell.swift */ = {isa = PBXFileReference; lastKnownFileType = sourcecode.swift; path = NavigationTableViewCell.swift; sourceTree = "<group>"; };
		6D37E5FF203C869D00FF4BBA /* ProfileViewController.swift */ = {isa = PBXFileReference; lastKnownFileType = sourcecode.swift; name = ProfileViewController.swift; path = "Citizen Scientist Project/Profile/Controller/ProfileViewController.swift"; sourceTree = SOURCE_ROOT; };
		6D37E601203C884B00FF4BBA /* GeoHuntViewController.swift */ = {isa = PBXFileReference; lastKnownFileType = sourcecode.swift; name = GeoHuntViewController.swift; path = "Citizen Scientist Project/GeoHunt/Controller/GeoHuntViewController.swift"; sourceTree = SOURCE_ROOT; };
		6D37E607203C893A00FF4BBA /* EventsViewController.swift */ = {isa = PBXFileReference; lastKnownFileType = sourcecode.swift; path = EventsViewController.swift; sourceTree = "<group>"; };
		6D37E609203C897100FF4BBA /* NewsViewController.swift */ = {isa = PBXFileReference; lastKnownFileType = sourcecode.swift; path = NewsViewController.swift; sourceTree = "<group>"; };
		6D9DF563203F3FAC0036C0E2 /* StatusReefRestorationViewController.swift */ = {isa = PBXFileReference; lastKnownFileType = sourcecode.swift; path = StatusReefRestorationViewController.swift; sourceTree = "<group>"; };
		FAEC2AFE2052CE7000308EE6 /* MDPL_17Feb2016.pdf */ = {isa = PBXFileReference; lastKnownFileType = image.pdf; name = MDPL_17Feb2016.pdf; path = ../../../../../../../../Desktop/FileResources/Resources/MDPL_17Feb2016.pdf; sourceTree = "<group>"; };
		FAEC2AFF2052CE7000308EE6 /* VKB-Adaptation-Strategies-v2.pptx */ = {isa = PBXFileReference; lastKnownFileType = file; name = "VKB-Adaptation-Strategies-v2.pptx"; path = "../../../../../../../../Desktop/FileResources/Resources/VKB-Adaptation-Strategies-v2.pptx"; sourceTree = "<group>"; };
		FAEC2B002052CE7000308EE6 /* CRC-VillageOfKeyBiscayne-FinaltVulnAssess-SM.pdf */ = {isa = PBXFileReference; lastKnownFileType = image.pdf; name = "CRC-VillageOfKeyBiscayne-FinaltVulnAssess-SM.pdf"; path = "../../../../../../../../Desktop/FileResources/Resources/CRC-VillageOfKeyBiscayne-FinaltVulnAssess-SM.pdf"; sourceTree = "<group>"; };
		FAEC2B012052CE7100308EE6 /* Workshop-Summary-Report_06232017.pdf */ = {isa = PBXFileReference; lastKnownFileType = image.pdf; name = "Workshop-Summary-Report_06232017.pdf"; path = "../../../../../../../../Desktop/FileResources/Resources/Workshop-Summary-Report_06232017.pdf"; sourceTree = "<group>"; };
		FAEC2B022052CE7100308EE6 /* VKB-Adaptation-Strategies-v2.ppt */ = {isa = PBXFileReference; lastKnownFileType = file; name = "VKB-Adaptation-Strategies-v2.ppt"; path = "../../../../../../../../Desktop/FileResources/Resources/VKB-Adaptation-Strategies-v2.ppt"; sourceTree = "<group>"; };
		FAEC2B032052CE7100308EE6 /* Workshop-Powerpoint-Slides.pdf */ = {isa = PBXFileReference; lastKnownFileType = image.pdf; name = "Workshop-Powerpoint-Slides.pdf"; path = "../../../../../../../../Desktop/FileResources/Resources/Workshop-Powerpoint-Slides.pdf"; sourceTree = "<group>"; };
		FAEC2B042052CE7100308EE6 /* Vulnerability_assessment_11-11-2016.pdf */ = {isa = PBXFileReference; lastKnownFileType = image.pdf; name = "Vulnerability_assessment_11-11-2016.pdf"; path = "../../../../../../../../Desktop/FileResources/Resources/Vulnerability_assessment_11-11-2016.pdf"; sourceTree = "<group>"; };
		FAEC2B052052CE7100308EE6 /* Townhall-Fact-Sheet-11-10-2016.pdf */ = {isa = PBXFileReference; lastKnownFileType = image.pdf; name = "Townhall-Fact-Sheet-11-10-2016.pdf"; path = "../../../../../../../../Desktop/FileResources/Resources/Townhall-Fact-Sheet-11-10-2016.pdf"; sourceTree = "<group>"; };
		FAEC2B062052CE7200308EE6 /* VKB-Adaptation-Strategies-v2.pdf */ = {isa = PBXFileReference; lastKnownFileType = image.pdf; name = "VKB-Adaptation-Strategies-v2.pdf"; path = "../../../../../../../../Desktop/FileResources/Resources/VKB-Adaptation-Strategies-v2.pdf"; sourceTree = "<group>"; };
		FAEC2B072052CE7200308EE6 /* 100-Resilient-Cities.pdf */ = {isa = PBXFileReference; lastKnownFileType = image.pdf; name = "100-Resilient-Cities.pdf"; path = "../../../../../../../../Desktop/FileResources/Resources/100-Resilient-Cities.pdf"; sourceTree = "<group>"; };
		FAEC2B082052CE7200308EE6 /* SLR-Adaptation-Master-Plan.pdf */ = {isa = PBXFileReference; lastKnownFileType = image.pdf; name = "SLR-Adaptation-Master-Plan.pdf"; path = "../../../../../../../../Desktop/FileResources/Resources/SLR-Adaptation-Master-Plan.pdf"; sourceTree = "<group>"; };
		FAEC2B092052CE7200308EE6 /* Agenda-for-SLR-Townhall-11-10-2016.pdf */ = {isa = PBXFileReference; lastKnownFileType = image.pdf; name = "Agenda-for-SLR-Townhall-11-10-2016.pdf"; path = "../../../../../../../../Desktop/FileResources/Resources/Agenda-for-SLR-Townhall-11-10-2016.pdf"; sourceTree = "<group>"; };
		FAEC2B0A2052CE7200308EE6 /* Survey-Results-2-6-2017.pdf */ = {isa = PBXFileReference; lastKnownFileType = image.pdf; name = "Survey-Results-2-6-2017.pdf"; path = "../../../../../../../../Desktop/FileResources/Resources/Survey-Results-2-6-2017.pdf"; sourceTree = "<group>"; };
		FAEC2B0B2052CE7300308EE6 /* Agenda-for-SLR-Townhall-02-16-2017.pdf */ = {isa = PBXFileReference; lastKnownFileType = image.pdf; name = "Agenda-for-SLR-Townhall-02-16-2017.pdf"; path = "../../../../../../../../Desktop/FileResources/Resources/Agenda-for-SLR-Townhall-02-16-2017.pdf"; sourceTree = "<group>"; };
		FAEC2B0C2052CE7300308EE6 /* Greater-Miami-and-the-Beaches-Resilience-Strategy.pdf */ = {isa = PBXFileReference; lastKnownFileType = image.pdf; name = "Greater-Miami-and-the-Beaches-Resilience-Strategy.pdf"; path = "../../../../../../../../Desktop/FileResources/Resources/Greater-Miami-and-the-Beaches-Resilience-Strategy.pdf"; sourceTree = "<group>"; };
		FAEC2B0D2052CE7300308EE6 /* Townhall-Fact-Sheet-02-16-2017.pdf */ = {isa = PBXFileReference; lastKnownFileType = image.pdf; name = "Townhall-Fact-Sheet-02-16-2017.pdf"; path = "../../../../../../../../Desktop/FileResources/Resources/Townhall-Fact-Sheet-02-16-2017.pdf"; sourceTree = "<group>"; };
/* End PBXFileReference section */

/* Begin PBXFrameworksBuildPhase section */
		229E613C2022A79200D4BDDA /* Frameworks */ = {
			isa = PBXFrameworksBuildPhase;
			buildActionMask = 2147483647;
			files = (
			);
			runOnlyForDeploymentPostprocessing = 0;
		};
		229E61532022A79200D4BDDA /* Frameworks */ = {
			isa = PBXFrameworksBuildPhase;
			buildActionMask = 2147483647;
			files = (
			);
			runOnlyForDeploymentPostprocessing = 0;
		};
		229E615E2022A79200D4BDDA /* Frameworks */ = {
			isa = PBXFrameworksBuildPhase;
			buildActionMask = 2147483647;
			files = (
			);
			runOnlyForDeploymentPostprocessing = 0;
		};
/* End PBXFrameworksBuildPhase section */

/* Begin PBXGroup section */
		22395CFD204E42F400177243 /* Model */ = {
			isa = PBXGroup;
			children = (
				22395D00204E432600177243 /* NavigationPages.swift */,
			);
			path = Model;
			sourceTree = "<group>";
		};
		22594979202DBFFB0047E055 /* Supporting Files */ = {
			isa = PBXGroup;
			children = (
				229E61422022A79200D4BDDA /* AppDelegate.swift */,
				229E614E2022A79200D4BDDA /* LaunchScreen.storyboard */,
				229E61512022A79200D4BDDA /* Info.plist */,
			);
			path = "Supporting Files";
			sourceTree = "<group>";
		};
		2262D2E3203E316600FB8AFB /* Footer */ = {
			isa = PBXGroup;
			children = (
				2299222D203E5328006CE1AB /* Model */,
				2299222C203E5303006CE1AB /* View */,
			);
			path = Footer;
			sourceTree = "<group>";
		};
		228FA9C320477E21003610B3 /* Resources */ = {
			isa = PBXGroup;
			children = (
				FAEC2B072052CE7200308EE6 /* 100-Resilient-Cities.pdf */,
				FAEC2B0B2052CE7300308EE6 /* Agenda-for-SLR-Townhall-02-16-2017.pdf */,
				FAEC2B092052CE7200308EE6 /* Agenda-for-SLR-Townhall-11-10-2016.pdf */,
				FAEC2B002052CE7000308EE6 /* CRC-VillageOfKeyBiscayne-FinaltVulnAssess-SM.pdf */,
				FAEC2B0C2052CE7300308EE6 /* Greater-Miami-and-the-Beaches-Resilience-Strategy.pdf */,
				FAEC2AFE2052CE7000308EE6 /* MDPL_17Feb2016.pdf */,
				FAEC2B082052CE7200308EE6 /* SLR-Adaptation-Master-Plan.pdf */,
				FAEC2B0A2052CE7200308EE6 /* Survey-Results-2-6-2017.pdf */,
				FAEC2B0D2052CE7300308EE6 /* Townhall-Fact-Sheet-02-16-2017.pdf */,
				FAEC2B052052CE7100308EE6 /* Townhall-Fact-Sheet-11-10-2016.pdf */,
				FAEC2B062052CE7200308EE6 /* VKB-Adaptation-Strategies-v2.pdf */,
				FAEC2B022052CE7100308EE6 /* VKB-Adaptation-Strategies-v2.ppt */,
				FAEC2AFF2052CE7000308EE6 /* VKB-Adaptation-Strategies-v2.pptx */,
				FAEC2B042052CE7100308EE6 /* Vulnerability_assessment_11-11-2016.pdf */,
				FAEC2B032052CE7100308EE6 /* Workshop-Powerpoint-Slides.pdf */,
				FAEC2B012052CE7100308EE6 /* Workshop-Summary-Report_06232017.pdf */,
			);
			path = Resources;
			sourceTree = "<group>";
		};
		22992227203E51FF006CE1AB /* Navigation */ = {
			isa = PBXGroup;
			children = (
				22395CFD204E42F400177243 /* Model */,
				2299222E203E53A6006CE1AB /* Controller */,
				22F78C91202D153D0001049D /* View */,
			);
			path = Navigation;
			sourceTree = "<group>";
		};
		22992228203E5254006CE1AB /* Homepage */ = {
			isa = PBXGroup;
			children = (
				2299222B203E5284006CE1AB /* Model */,
				2299222A203E527B006CE1AB /* View */,
				22992229203E5273006CE1AB /* Controller */,
			);
			path = Homepage;
			sourceTree = "<group>";
		};
		22992229203E5273006CE1AB /* Controller */ = {
			isa = PBXGroup;
			children = (
				229E61442022A79200D4BDDA /* ViewController.swift */,
			);
			path = Controller;
			sourceTree = "<group>";
		};
		2299222A203E527B006CE1AB /* View */ = {
			isa = PBXGroup;
			children = (
				22F78C8E202D0F900001049D /* CollectionViewCell.swift */,
			);
			path = View;
			sourceTree = "<group>";
		};
		2299222B203E5284006CE1AB /* Model */ = {
			isa = PBXGroup;
			children = (
				22594975202DA6EC0047E055 /* CollectionViewCellContent.swift */,
				22594977202DAA0C0047E055 /* CollectionViewContentManager.swift */,
			);
			path = Model;
			sourceTree = "<group>";
		};
		2299222C203E5303006CE1AB /* View */ = {
			isa = PBXGroup;
			children = (
				22594971202D969F0047E055 /* SectionFooterView.swift */,
			);
			path = View;
			sourceTree = "<group>";
		};
		2299222D203E5328006CE1AB /* Model */ = {
			isa = PBXGroup;
			children = (
				2259497A202DCCEC0047E055 /* SectionFooter.swift */,
				22891A3C202DEBE7000FEBB4 /* SocialNetwork.swift */,
			);
			path = Model;
			sourceTree = "<group>";
		};
		2299222E203E53A6006CE1AB /* Controller */ = {
			isa = PBXGroup;
			children = (
				22992257203E5814006CE1AB /* NavigationTableViewController.swift */,
			);
			path = Controller;
			sourceTree = "<group>";
		};
		2299222F203E53E2006CE1AB /* KeyChallenge */ = {
			isa = PBXGroup;
			children = (
				22992230203E5405006CE1AB /* Controller */,
			);
			path = KeyChallenge;
			sourceTree = "<group>";
		};
		22992230203E5405006CE1AB /* Controller */ = {
			isa = PBXGroup;
			children = (
				6D021C05203E2E1D003E35D5 /* KeyChallengeViewController.swift */,
			);
			path = Controller;
			sourceTree = "<group>";
		};
		22992233203E5433006CE1AB /* AboutUs */ = {
			isa = PBXGroup;
			children = (
				22992256203E56E2006CE1AB /* Controller */,
			);
			path = AboutUs;
			sourceTree = "<group>";
		};
		22992234203E543F006CE1AB /* ContactUs */ = {
			isa = PBXGroup;
			children = (
				22992255203E56D7006CE1AB /* Controller */,
			);
			path = ContactUs;
			sourceTree = "<group>";
		};
		22992235203E5449006CE1AB /* Events */ = {
			isa = PBXGroup;
			children = (
				22992254203E56CA006CE1AB /* Controller */,
			);
			path = Events;
			sourceTree = "<group>";
		};
		22992236203E5453006CE1AB /* Explore */ = {
			isa = PBXGroup;
			children = (
				22992253203E56C0006CE1AB /* Controller */,
			);
			path = Explore;
			sourceTree = "<group>";
		};
		22992237203E5459006CE1AB /* FieldActivity */ = {
			isa = PBXGroup;
			children = (
				22992252203E56B4006CE1AB /* Controller */,
			);
			path = FieldActivity;
			sourceTree = "<group>";
		};
		22992238203E5462006CE1AB /* GeoHunt */ = {
			isa = PBXGroup;
			children = (
				22992251203E56A9006CE1AB /* Controller */,
			);
			path = GeoHunt;
			sourceTree = "<group>";
		};
		22992239203E546C006CE1AB /* Learn */ = {
			isa = PBXGroup;
			children = (
				22992250203E569C006CE1AB /* Controller */,
			);
			path = Learn;
			sourceTree = "<group>";
		};
		2299223A203E5475006CE1AB /* LectureSeries */ = {
			isa = PBXGroup;
			children = (
				2299224F203E5690006CE1AB /* Controller */,
			);
			path = LectureSeries;
			sourceTree = "<group>";
		};
		2299223B203E547D006CE1AB /* NewsLetters */ = {
			isa = PBXGroup;
			children = (
				2299224E203E5682006CE1AB /* Controller */,
			);
			path = NewsLetters;
			sourceTree = "<group>";
		};
		2299223C203E5489006CE1AB /* OurBiomes */ = {
			isa = PBXGroup;
			children = (
				6D8D70BC203E68EA00503CA9 /* Controller */,
			);
			path = OurBiomes;
			sourceTree = "<group>";
		};
		2299223D203E54F9006CE1AB /* News */ = {
			isa = PBXGroup;
			children = (
				2299224C203E5668006CE1AB /* Controller */,
			);
			path = News;
			sourceTree = "<group>";
		};
		2299223E203E5505006CE1AB /* OurPartners */ = {
			isa = PBXGroup;
			children = (
				2299224B203E564C006CE1AB /* Controller */,
			);
			path = OurPartners;
			sourceTree = "<group>";
		};
		2299223F203E5510006CE1AB /* Profile */ = {
			isa = PBXGroup;
			children = (
				2299224A203E5630006CE1AB /* Controller */,
			);
			path = Profile;
			sourceTree = "<group>";
		};
		22992240203E5518006CE1AB /* Record */ = {
			isa = PBXGroup;
			children = (
				22992249203E5626006CE1AB /* Controller */,
			);
			path = Record;
			sourceTree = "<group>";
		};
		22992241203E551F006CE1AB /* ReefRestoration */ = {
			isa = PBXGroup;
			children = (
				22992248203E561C006CE1AB /* Controller */,
			);
			path = ReefRestoration;
			sourceTree = "<group>";
		};
		22992242203E5553006CE1AB /* Review */ = {
			isa = PBXGroup;
			children = (
				22992247203E5611006CE1AB /* Controller */,
			);
			path = Review;
			sourceTree = "<group>";
		};
		22992243203E555C006CE1AB /* SeaLevelRise */ = {
			isa = PBXGroup;
			children = (
				22E33DB9203E900200A0259A /* Model */,
				22E33DB8203E8FE100A0259A /* View */,
				22992246203E5608006CE1AB /* Controller */,
				228FA9C320477E21003610B3 /* Resources */,
			);
			path = SeaLevelRise;
			sourceTree = "<group>";
		};
		22992244203E5564006CE1AB /* WaterWatch */ = {
			isa = PBXGroup;
			children = (
				22992245203E55FD006CE1AB /* Controller */,
			);
			path = WaterWatch;
			sourceTree = "<group>";
		};
		22992245203E55FD006CE1AB /* Controller */ = {
			isa = PBXGroup;
			children = (
				6D021C09203E2E3F003E35D5 /* WaterWatchViewController.swift */,
			);
			path = Controller;
			sourceTree = "<group>";
		};
		22992246203E5608006CE1AB /* Controller */ = {
			isa = PBXGroup;
			children = (
				6D021C07203E2E2F003E35D5 /* SeaLevelRiseViewController.swift */,
				228FA99F2047788B003610B3 /* WebViewController.swift */,
				228FA9A1204778B3003610B3 /* TableViewController.swift */,
			);
			path = Controller;
			sourceTree = "<group>";
		};
		22992247203E5611006CE1AB /* Controller */ = {
			isa = PBXGroup;
			children = (
				6D021C03203E2A52003E35D5 /* ReviewViewController.swift */,
			);
			path = Controller;
			sourceTree = "<group>";
		};
		22992248203E561C006CE1AB /* Controller */ = {
			isa = PBXGroup;
			children = (
				6D021C0B203E2E52003E35D5 /* ReefRestorationViewController.swift */,
				6D9DF563203F3FAC0036C0E2 /* StatusReefRestorationViewController.swift */,
			);
			path = Controller;
			sourceTree = "<group>";
		};
		22992249203E5626006CE1AB /* Controller */ = {
			isa = PBXGroup;
			children = (
				6D021C01203E2A47003E35D5 /* RecordViewController.swift */,
			);
			path = Controller;
			sourceTree = "<group>";
		};
		2299224A203E5630006CE1AB /* Controller */ = {
			isa = PBXGroup;
			children = (
				6D37E5FF203C869D00FF4BBA /* ProfileViewController.swift */,
			);
			path = Controller;
			sourceTree = "<group>";
		};
		2299224B203E564C006CE1AB /* Controller */ = {
			isa = PBXGroup;
			children = (
				6D021C17203E3142003E35D5 /* OurPartnersViewController.swift */,
			);
			path = Controller;
			sourceTree = "<group>";
		};
		2299224C203E5668006CE1AB /* Controller */ = {
			isa = PBXGroup;
			children = (
				6D37E609203C897100FF4BBA /* NewsViewController.swift */,
			);
			path = Controller;
			sourceTree = "<group>";
		};
		2299224E203E5682006CE1AB /* Controller */ = {
			isa = PBXGroup;
			children = (
				6D021C15203E3133003E35D5 /* NewslettersViewController.swift */,
			);
			path = Controller;
			sourceTree = "<group>";
		};
		2299224F203E5690006CE1AB /* Controller */ = {
			isa = PBXGroup;
			children = (
				6D021C0D203E2E63003E35D5 /* LectureSeriesViewController.swift */,
			);
			path = Controller;
			sourceTree = "<group>";
		};
		22992250203E569C006CE1AB /* Controller */ = {
			isa = PBXGroup;
			children = (
				6D021BFD203E2A0C003E35D5 /* LearnViewController.swift */,
			);
			path = Controller;
			sourceTree = "<group>";
		};
		22992251203E56A9006CE1AB /* Controller */ = {
			isa = PBXGroup;
			children = (
				6D37E601203C884B00FF4BBA /* GeoHuntViewController.swift */,
			);
			path = Controller;
			sourceTree = "<group>";
		};
		22992252203E56B4006CE1AB /* Controller */ = {
			isa = PBXGroup;
			children = (
				6D021C0F203E2E72003E35D5 /* FieldActivityViewController.swift */,
			);
			path = Controller;
			sourceTree = "<group>";
		};
		22992253203E56C0006CE1AB /* Controller */ = {
			isa = PBXGroup;
			children = (
				6D021BFF203E2A36003E35D5 /* ExploreViewController.swift */,
			);
			path = Controller;
			sourceTree = "<group>";
		};
		22992254203E56CA006CE1AB /* Controller */ = {
			isa = PBXGroup;
			children = (
				6D37E607203C893A00FF4BBA /* EventsViewController.swift */,
			);
			path = Controller;
			sourceTree = "<group>";
		};
		22992255203E56D7006CE1AB /* Controller */ = {
			isa = PBXGroup;
			children = (
				6D021C19203E314E003E35D5 /* ContactUsViewController.swift */,
			);
			path = Controller;
			sourceTree = "<group>";
		};
		22992256203E56E2006CE1AB /* Controller */ = {
			isa = PBXGroup;
			children = (
				6D021C11203E3117003E35D5 /* AboutUsViewController.swift */,
			);
			path = Controller;
			sourceTree = "<group>";
		};
		229E61362022A79200D4BDDA = {
			isa = PBXGroup;
			children = (
				229E61412022A79200D4BDDA /* Citizen Scientist Project */,
				229E61592022A79200D4BDDA /* Citizen Scientist ProjectTests */,
				229E61642022A79200D4BDDA /* Citizen Scientist ProjectUITests */,
				229E61402022A79200D4BDDA /* Products */,
			);
			sourceTree = "<group>";
		};
		229E61402022A79200D4BDDA /* Products */ = {
			isa = PBXGroup;
			children = (
				229E613F2022A79200D4BDDA /* Citizen-Scientist-Project.app */,
				229E61562022A79200D4BDDA /* Citizen-Scientist-ProjectTests.xctest */,
				229E61612022A79200D4BDDA /* Citizen-Scientist-ProjectUITests.xctest */,
			);
			name = Products;
			sourceTree = "<group>";
		};
		229E61412022A79200D4BDDA /* Citizen Scientist Project */ = {
			isa = PBXGroup;
			children = (
				229E61462022A79200D4BDDA /* Main.storyboard */,
				22992228203E5254006CE1AB /* Homepage */,
				2262D2E3203E316600FB8AFB /* Footer */,
				22992227203E51FF006CE1AB /* Navigation */,
				22992244203E5564006CE1AB /* WaterWatch */,
				22992243203E555C006CE1AB /* SeaLevelRise */,
				22992242203E5553006CE1AB /* Review */,
				22992241203E551F006CE1AB /* ReefRestoration */,
				2299222F203E53E2006CE1AB /* KeyChallenge */,
				22992240203E5518006CE1AB /* Record */,
				2299223F203E5510006CE1AB /* Profile */,
				2299223E203E5505006CE1AB /* OurPartners */,
				2299223D203E54F9006CE1AB /* News */,
				2299223C203E5489006CE1AB /* OurBiomes */,
				2299223B203E547D006CE1AB /* NewsLetters */,
				2299223A203E5475006CE1AB /* LectureSeries */,
				22992239203E546C006CE1AB /* Learn */,
				22992238203E5462006CE1AB /* GeoHunt */,
				22992237203E5459006CE1AB /* FieldActivity */,
				22992236203E5453006CE1AB /* Explore */,
				22992235203E5449006CE1AB /* Events */,
				22992234203E543F006CE1AB /* ContactUs */,
				22992233203E5433006CE1AB /* AboutUs */,
				22594979202DBFFB0047E055 /* Supporting Files */,
				229E614C2022A79200D4BDDA /* Assets.xcassets */,
				229E61492022A79200D4BDDA /* Citizen_Scientist_Project.xcdatamodeld */,
			);
			path = "Citizen Scientist Project";
			sourceTree = "<group>";
		};
		229E61592022A79200D4BDDA /* Citizen Scientist ProjectTests */ = {
			isa = PBXGroup;
			children = (
				229E615A2022A79200D4BDDA /* Citizen_Scientist_ProjectTests.swift */,
				229E615C2022A79200D4BDDA /* Info.plist */,
			);
			path = "Citizen Scientist ProjectTests";
			sourceTree = "<group>";
		};
		229E61642022A79200D4BDDA /* Citizen Scientist ProjectUITests */ = {
			isa = PBXGroup;
			children = (
				229E61652022A79200D4BDDA /* Citizen_Scientist_ProjectUITests.swift */,
				229E61672022A79200D4BDDA /* Info.plist */,
			);
			path = "Citizen Scientist ProjectUITests";
			sourceTree = "<group>";
		};
		22E33DB8203E8FE100A0259A /* View */ = {
			isa = PBXGroup;
			children = (
			);
			path = View;
			sourceTree = "<group>";
		};
		22E33DB9203E900200A0259A /* Model */ = {
			isa = PBXGroup;
			children = (
			);
			path = Model;
			sourceTree = "<group>";
		};
		22F78C91202D153D0001049D /* View */ = {
			isa = PBXGroup;
			children = (
				6D0DCF2D203B5AC3000F5D62 /* NavigationTableViewCell.swift */,
				22992259203E58FA006CE1AB /* segueToTable.swift */,
			);
			path = View;
			sourceTree = "<group>";
		};
		6D8D70BC203E68EA00503CA9 /* Controller */ = {
			isa = PBXGroup;
			children = (
				6D021C13203E3126003E35D5 /* OurBiomesViewController.swift */,
			);
			path = Controller;
			sourceTree = "<group>";
		};
/* End PBXGroup section */

/* Begin PBXNativeTarget section */
		229E613E2022A79200D4BDDA /* Citizen-Scientist-Project */ = {
			isa = PBXNativeTarget;
			buildConfigurationList = 229E616A2022A79200D4BDDA /* Build configuration list for PBXNativeTarget "Citizen-Scientist-Project" */;
			buildPhases = (
				229E613B2022A79200D4BDDA /* Sources */,
				229E613C2022A79200D4BDDA /* Frameworks */,
				229E613D2022A79200D4BDDA /* Resources */,
			);
			buildRules = (
			);
			dependencies = (
			);
			name = "Citizen-Scientist-Project";
			productName = "Citizen Scientist Project";
			productReference = 229E613F2022A79200D4BDDA /* Citizen-Scientist-Project.app */;
			productType = "com.apple.product-type.application";
		};
		229E61552022A79200D4BDDA /* Citizen-Scientist-ProjectTests */ = {
			isa = PBXNativeTarget;
			buildConfigurationList = 229E616D2022A79200D4BDDA /* Build configuration list for PBXNativeTarget "Citizen-Scientist-ProjectTests" */;
			buildPhases = (
				229E61522022A79200D4BDDA /* Sources */,
				229E61532022A79200D4BDDA /* Frameworks */,
				229E61542022A79200D4BDDA /* Resources */,
			);
			buildRules = (
			);
			dependencies = (
				229E61582022A79200D4BDDA /* PBXTargetDependency */,
			);
			name = "Citizen-Scientist-ProjectTests";
			productName = "Citizen Scientist ProjectTests";
			productReference = 229E61562022A79200D4BDDA /* Citizen-Scientist-ProjectTests.xctest */;
			productType = "com.apple.product-type.bundle.unit-test";
		};
		229E61602022A79200D4BDDA /* Citizen-Scientist-ProjectUITests */ = {
			isa = PBXNativeTarget;
			buildConfigurationList = 229E61702022A79200D4BDDA /* Build configuration list for PBXNativeTarget "Citizen-Scientist-ProjectUITests" */;
			buildPhases = (
				229E615D2022A79200D4BDDA /* Sources */,
				229E615E2022A79200D4BDDA /* Frameworks */,
				229E615F2022A79200D4BDDA /* Resources */,
			);
			buildRules = (
			);
			dependencies = (
				229E61632022A79200D4BDDA /* PBXTargetDependency */,
			);
			name = "Citizen-Scientist-ProjectUITests";
			productName = "Citizen Scientist ProjectUITests";
			productReference = 229E61612022A79200D4BDDA /* Citizen-Scientist-ProjectUITests.xctest */;
			productType = "com.apple.product-type.bundle.ui-testing";
		};
/* End PBXNativeTarget section */

/* Begin PBXProject section */
		229E61372022A79200D4BDDA /* Project object */ = {
			isa = PBXProject;
			attributes = {
				LastSwiftUpdateCheck = 0920;
				LastUpgradeCheck = 0920;
				ORGANIZATIONNAME = "Key Biscayne";
				TargetAttributes = {
					229E613E2022A79200D4BDDA = {
						CreatedOnToolsVersion = 9.2;
						ProvisioningStyle = Automatic;
					};
					229E61552022A79200D4BDDA = {
						CreatedOnToolsVersion = 9.2;
						ProvisioningStyle = Automatic;
						TestTargetID = 229E613E2022A79200D4BDDA;
					};
					229E61602022A79200D4BDDA = {
						CreatedOnToolsVersion = 9.2;
						ProvisioningStyle = Automatic;
						TestTargetID = 229E613E2022A79200D4BDDA;
					};
				};
			};
			buildConfigurationList = 229E613A2022A79200D4BDDA /* Build configuration list for PBXProject "Citizen-Scientist-Project" */;
			compatibilityVersion = "Xcode 8.0";
			developmentRegion = en;
			hasScannedForEncodings = 0;
			knownRegions = (
				en,
				Base,
			);
			mainGroup = 229E61362022A79200D4BDDA;
			productRefGroup = 229E61402022A79200D4BDDA /* Products */;
			projectDirPath = "";
			projectRoot = "";
			targets = (
				229E613E2022A79200D4BDDA /* Citizen-Scientist-Project */,
				229E61552022A79200D4BDDA /* Citizen-Scientist-ProjectTests */,
				229E61602022A79200D4BDDA /* Citizen-Scientist-ProjectUITests */,
			);
		};
/* End PBXProject section */

/* Begin PBXResourcesBuildPhase section */
		229E613D2022A79200D4BDDA /* Resources */ = {
			isa = PBXResourcesBuildPhase;
			buildActionMask = 2147483647;
			files = (
				FAEC2B122052CE7400308EE6 /* VKB-Adaptation-Strategies-v2.ppt in Resources */,
				FAEC2B172052CE7400308EE6 /* 100-Resilient-Cities.pdf in Resources */,
				FAEC2B1B2052CE7400308EE6 /* Agenda-for-SLR-Townhall-02-16-2017.pdf in Resources */,
				FAEC2B182052CE7400308EE6 /* SLR-Adaptation-Master-Plan.pdf in Resources */,
				FAEC2B0E2052CE7400308EE6 /* MDPL_17Feb2016.pdf in Resources */,
				229E61502022A79200D4BDDA /* LaunchScreen.storyboard in Resources */,
				FAEC2B132052CE7400308EE6 /* Workshop-Powerpoint-Slides.pdf in Resources */,
				FAEC2B162052CE7400308EE6 /* VKB-Adaptation-Strategies-v2.pdf in Resources */,
				FAEC2B102052CE7400308EE6 /* CRC-VillageOfKeyBiscayne-FinaltVulnAssess-SM.pdf in Resources */,
				FAEC2B1D2052CE7400308EE6 /* Townhall-Fact-Sheet-02-16-2017.pdf in Resources */,
				FAEC2B192052CE7400308EE6 /* Agenda-for-SLR-Townhall-11-10-2016.pdf in Resources */,
				FAEC2B1A2052CE7400308EE6 /* Survey-Results-2-6-2017.pdf in Resources */,
				FAEC2B1C2052CE7400308EE6 /* Greater-Miami-and-the-Beaches-Resilience-Strategy.pdf in Resources */,
				FAEC2B112052CE7400308EE6 /* Workshop-Summary-Report_06232017.pdf in Resources */,
				FAEC2B142052CE7400308EE6 /* Vulnerability_assessment_11-11-2016.pdf in Resources */,
				229E614D2022A79200D4BDDA /* Assets.xcassets in Resources */,
				FAEC2B152052CE7400308EE6 /* Townhall-Fact-Sheet-11-10-2016.pdf in Resources */,
				FAEC2B0F2052CE7400308EE6 /* VKB-Adaptation-Strategies-v2.pptx in Resources */,
				229E61482022A79200D4BDDA /* Main.storyboard in Resources */,
			);
			runOnlyForDeploymentPostprocessing = 0;
		};
		229E61542022A79200D4BDDA /* Resources */ = {
			isa = PBXResourcesBuildPhase;
			buildActionMask = 2147483647;
			files = (
			);
			runOnlyForDeploymentPostprocessing = 0;
		};
		229E615F2022A79200D4BDDA /* Resources */ = {
			isa = PBXResourcesBuildPhase;
			buildActionMask = 2147483647;
			files = (
			);
			runOnlyForDeploymentPostprocessing = 0;
		};
/* End PBXResourcesBuildPhase section */

/* Begin PBXSourcesBuildPhase section */
		229E613B2022A79200D4BDDA /* Sources */ = {
			isa = PBXSourcesBuildPhase;
			buildActionMask = 2147483647;
			files = (
				6D021C14203E3126003E35D5 /* OurBiomesViewController.swift in Sources */,
				22594976202DA6EC0047E055 /* CollectionViewCellContent.swift in Sources */,
				6D021C02203E2A47003E35D5 /* RecordViewController.swift in Sources */,
				6D9DF564203F3FAC0036C0E2 /* StatusReefRestorationViewController.swift in Sources */,
				229E61452022A79200D4BDDA /* ViewController.swift in Sources */,
				6D021C16203E3133003E35D5 /* NewslettersViewController.swift in Sources */,
				2259497B202DCCEC0047E055 /* SectionFooter.swift in Sources */,
				2299225A203E58FA006CE1AB /* segueToTable.swift in Sources */,
				6D021C0C203E2E52003E35D5 /* ReefRestorationViewController.swift in Sources */,
				6D021C0E203E2E63003E35D5 /* LectureSeriesViewController.swift in Sources */,
				6D021BFE203E2A0C003E35D5 /* LearnViewController.swift in Sources */,
				22891A3D202DEBE7000FEBB4 /* SocialNetwork.swift in Sources */,
				229E61432022A79200D4BDDA /* AppDelegate.swift in Sources */,
				6D021C06203E2E1D003E35D5 /* KeyChallengeViewController.swift in Sources */,
				6D021C18203E3142003E35D5 /* OurPartnersViewController.swift in Sources */,
				6D37E600203C869D00FF4BBA /* ProfileViewController.swift in Sources */,
				228FA9A02047788B003610B3 /* WebViewController.swift in Sources */,
				6D37E608203C893A00FF4BBA /* EventsViewController.swift in Sources */,
				22992258203E5814006CE1AB /* NavigationTableViewController.swift in Sources */,
				6D021C00203E2A36003E35D5 /* ExploreViewController.swift in Sources */,
				6D021C1A203E314E003E35D5 /* ContactUsViewController.swift in Sources */,
				6D021C12203E3117003E35D5 /* AboutUsViewController.swift in Sources */,
				6D021C0A203E2E3F003E35D5 /* WaterWatchViewController.swift in Sources */,
				22F78C8F202D0F900001049D /* CollectionViewCell.swift in Sources */,
				6D021C10203E2E72003E35D5 /* FieldActivityViewController.swift in Sources */,
				229E614B2022A79200D4BDDA /* Citizen_Scientist_Project.xcdatamodeld in Sources */,
				6D37E60A203C897100FF4BBA /* NewsViewController.swift in Sources */,
				22395D01204E432600177243 /* NavigationPages.swift in Sources */,
				6D021C08203E2E2F003E35D5 /* SeaLevelRiseViewController.swift in Sources */,
				22594978202DAA0C0047E055 /* CollectionViewContentManager.swift in Sources */,
				228FA9A2204778B3003610B3 /* TableViewController.swift in Sources */,
				6D021C04203E2A52003E35D5 /* ReviewViewController.swift in Sources */,
				22594972202D969F0047E055 /* SectionFooterView.swift in Sources */,
				6D0DCF2E203B5AC3000F5D62 /* NavigationTableViewCell.swift in Sources */,
				6D37E602203C884B00FF4BBA /* GeoHuntViewController.swift in Sources */,
			);
			runOnlyForDeploymentPostprocessing = 0;
		};
		229E61522022A79200D4BDDA /* Sources */ = {
			isa = PBXSourcesBuildPhase;
			buildActionMask = 2147483647;
			files = (
				229E615B2022A79200D4BDDA /* Citizen_Scientist_ProjectTests.swift in Sources */,
			);
			runOnlyForDeploymentPostprocessing = 0;
		};
		229E615D2022A79200D4BDDA /* Sources */ = {
			isa = PBXSourcesBuildPhase;
			buildActionMask = 2147483647;
			files = (
				229E61662022A79200D4BDDA /* Citizen_Scientist_ProjectUITests.swift in Sources */,
			);
			runOnlyForDeploymentPostprocessing = 0;
		};
/* End PBXSourcesBuildPhase section */

/* Begin PBXTargetDependency section */
		229E61582022A79200D4BDDA /* PBXTargetDependency */ = {
			isa = PBXTargetDependency;
			target = 229E613E2022A79200D4BDDA /* Citizen-Scientist-Project */;
			targetProxy = 229E61572022A79200D4BDDA /* PBXContainerItemProxy */;
		};
		229E61632022A79200D4BDDA /* PBXTargetDependency */ = {
			isa = PBXTargetDependency;
			target = 229E613E2022A79200D4BDDA /* Citizen-Scientist-Project */;
			targetProxy = 229E61622022A79200D4BDDA /* PBXContainerItemProxy */;
		};
/* End PBXTargetDependency section */

/* Begin PBXVariantGroup section */
		229E61462022A79200D4BDDA /* Main.storyboard */ = {
			isa = PBXVariantGroup;
			children = (
				229E61472022A79200D4BDDA /* Base */,
			);
			name = Main.storyboard;
			sourceTree = "<group>";
		};
		229E614E2022A79200D4BDDA /* LaunchScreen.storyboard */ = {
			isa = PBXVariantGroup;
			children = (
				229E614F2022A79200D4BDDA /* Base */,
			);
			name = LaunchScreen.storyboard;
			sourceTree = "<group>";
		};
/* End PBXVariantGroup section */

/* Begin XCBuildConfiguration section */
		229E61682022A79200D4BDDA /* Debug */ = {
			isa = XCBuildConfiguration;
			buildSettings = {
				ALWAYS_SEARCH_USER_PATHS = NO;
				CLANG_ANALYZER_NONNULL = YES;
				CLANG_ANALYZER_NUMBER_OBJECT_CONVERSION = YES_AGGRESSIVE;
				CLANG_CXX_LANGUAGE_STANDARD = "gnu++14";
				CLANG_CXX_LIBRARY = "libc++";
				CLANG_ENABLE_MODULES = YES;
				CLANG_ENABLE_OBJC_ARC = YES;
				CLANG_WARN_BLOCK_CAPTURE_AUTORELEASING = YES;
				CLANG_WARN_BOOL_CONVERSION = YES;
				CLANG_WARN_COMMA = YES;
				CLANG_WARN_CONSTANT_CONVERSION = YES;
				CLANG_WARN_DIRECT_OBJC_ISA_USAGE = YES_ERROR;
				CLANG_WARN_DOCUMENTATION_COMMENTS = YES;
				CLANG_WARN_EMPTY_BODY = YES;
				CLANG_WARN_ENUM_CONVERSION = YES;
				CLANG_WARN_INFINITE_RECURSION = YES;
				CLANG_WARN_INT_CONVERSION = YES;
				CLANG_WARN_NON_LITERAL_NULL_CONVERSION = YES;
				CLANG_WARN_OBJC_LITERAL_CONVERSION = YES;
				CLANG_WARN_OBJC_ROOT_CLASS = YES_ERROR;
				CLANG_WARN_RANGE_LOOP_ANALYSIS = YES;
				CLANG_WARN_STRICT_PROTOTYPES = YES;
				CLANG_WARN_SUSPICIOUS_MOVE = YES;
				CLANG_WARN_UNGUARDED_AVAILABILITY = YES_AGGRESSIVE;
				CLANG_WARN_UNREACHABLE_CODE = YES;
				CLANG_WARN__DUPLICATE_METHOD_MATCH = YES;
				CODE_SIGN_IDENTITY = "iPhone Developer";
				COPY_PHASE_STRIP = NO;
				DEBUG_INFORMATION_FORMAT = dwarf;
				ENABLE_STRICT_OBJC_MSGSEND = YES;
				ENABLE_TESTABILITY = YES;
				GCC_C_LANGUAGE_STANDARD = gnu11;
				GCC_DYNAMIC_NO_PIC = NO;
				GCC_NO_COMMON_BLOCKS = YES;
				GCC_OPTIMIZATION_LEVEL = 0;
				GCC_PREPROCESSOR_DEFINITIONS = (
					"DEBUG=1",
					"$(inherited)",
				);
				GCC_WARN_64_TO_32_BIT_CONVERSION = YES;
				GCC_WARN_ABOUT_RETURN_TYPE = YES_ERROR;
				GCC_WARN_UNDECLARED_SELECTOR = YES;
				GCC_WARN_UNINITIALIZED_AUTOS = YES_AGGRESSIVE;
				GCC_WARN_UNUSED_FUNCTION = YES;
				GCC_WARN_UNUSED_VARIABLE = YES;
				IPHONEOS_DEPLOYMENT_TARGET = 11.2;
				MTL_ENABLE_DEBUG_INFO = YES;
				ONLY_ACTIVE_ARCH = YES;
				SDKROOT = iphoneos;
				SWIFT_ACTIVE_COMPILATION_CONDITIONS = DEBUG;
				SWIFT_OPTIMIZATION_LEVEL = "-Onone";
			};
			name = Debug;
		};
		229E61692022A79200D4BDDA /* Release */ = {
			isa = XCBuildConfiguration;
			buildSettings = {
				ALWAYS_SEARCH_USER_PATHS = NO;
				CLANG_ANALYZER_NONNULL = YES;
				CLANG_ANALYZER_NUMBER_OBJECT_CONVERSION = YES_AGGRESSIVE;
				CLANG_CXX_LANGUAGE_STANDARD = "gnu++14";
				CLANG_CXX_LIBRARY = "libc++";
				CLANG_ENABLE_MODULES = YES;
				CLANG_ENABLE_OBJC_ARC = YES;
				CLANG_WARN_BLOCK_CAPTURE_AUTORELEASING = YES;
				CLANG_WARN_BOOL_CONVERSION = YES;
				CLANG_WARN_COMMA = YES;
				CLANG_WARN_CONSTANT_CONVERSION = YES;
				CLANG_WARN_DIRECT_OBJC_ISA_USAGE = YES_ERROR;
				CLANG_WARN_DOCUMENTATION_COMMENTS = YES;
				CLANG_WARN_EMPTY_BODY = YES;
				CLANG_WARN_ENUM_CONVERSION = YES;
				CLANG_WARN_INFINITE_RECURSION = YES;
				CLANG_WARN_INT_CONVERSION = YES;
				CLANG_WARN_NON_LITERAL_NULL_CONVERSION = YES;
				CLANG_WARN_OBJC_LITERAL_CONVERSION = YES;
				CLANG_WARN_OBJC_ROOT_CLASS = YES_ERROR;
				CLANG_WARN_RANGE_LOOP_ANALYSIS = YES;
				CLANG_WARN_STRICT_PROTOTYPES = YES;
				CLANG_WARN_SUSPICIOUS_MOVE = YES;
				CLANG_WARN_UNGUARDED_AVAILABILITY = YES_AGGRESSIVE;
				CLANG_WARN_UNREACHABLE_CODE = YES;
				CLANG_WARN__DUPLICATE_METHOD_MATCH = YES;
				CODE_SIGN_IDENTITY = "iPhone Developer";
				COPY_PHASE_STRIP = NO;
				DEBUG_INFORMATION_FORMAT = "dwarf-with-dsym";
				ENABLE_NS_ASSERTIONS = NO;
				ENABLE_STRICT_OBJC_MSGSEND = YES;
				GCC_C_LANGUAGE_STANDARD = gnu11;
				GCC_NO_COMMON_BLOCKS = YES;
				GCC_WARN_64_TO_32_BIT_CONVERSION = YES;
				GCC_WARN_ABOUT_RETURN_TYPE = YES_ERROR;
				GCC_WARN_UNDECLARED_SELECTOR = YES;
				GCC_WARN_UNINITIALIZED_AUTOS = YES_AGGRESSIVE;
				GCC_WARN_UNUSED_FUNCTION = YES;
				GCC_WARN_UNUSED_VARIABLE = YES;
				IPHONEOS_DEPLOYMENT_TARGET = 11.2;
				MTL_ENABLE_DEBUG_INFO = NO;
				SDKROOT = iphoneos;
				SWIFT_OPTIMIZATION_LEVEL = "-Owholemodule";
				VALIDATE_PRODUCT = YES;
			};
			name = Release;
		};
		229E616B2022A79200D4BDDA /* Debug */ = {
			isa = XCBuildConfiguration;
			buildSettings = {
				ASSETCATALOG_COMPILER_APPICON_NAME = "";
				"CODE_SIGN_IDENTITY[sdk=iphoneos*]" = "iPhone Developer";
				CODE_SIGN_STYLE = Automatic;
				DEVELOPMENT_TEAM = R89DGE8VGB;
				INFOPLIST_FILE = "Citizen Scientist Project/Supporting Files/Info.plist";
				LD_RUNPATH_SEARCH_PATHS = "$(inherited) @executable_path/Frameworks";
				PRODUCT_BUNDLE_IDENTIFIER = "com.Key.Biscayne.Citizen-Scientist-Project2";
				PRODUCT_NAME = "$(TARGET_NAME)";
				PROVISIONING_PROFILE_SPECIFIER = "";
				SWIFT_VERSION = 4.0;
				TARGETED_DEVICE_FAMILY = "1,2";
			};
			name = Debug;
		};
		229E616C2022A79200D4BDDA /* Release */ = {
			isa = XCBuildConfiguration;
			buildSettings = {
				ASSETCATALOG_COMPILER_APPICON_NAME = "";
				"CODE_SIGN_IDENTITY[sdk=iphoneos*]" = "iPhone Developer";
				CODE_SIGN_STYLE = Automatic;
				DEVELOPMENT_TEAM = R89DGE8VGB;
				INFOPLIST_FILE = "Citizen Scientist Project/Supporting Files/Info.plist";
				LD_RUNPATH_SEARCH_PATHS = "$(inherited) @executable_path/Frameworks";
				PRODUCT_BUNDLE_IDENTIFIER = "com.Key.Biscayne.Citizen-Scientist-Project2";
				PRODUCT_NAME = "$(TARGET_NAME)";
				PROVISIONING_PROFILE_SPECIFIER = "";
				SWIFT_VERSION = 4.0;
				TARGETED_DEVICE_FAMILY = "1,2";
			};
			name = Release;
		};
		229E616E2022A79200D4BDDA /* Debug */ = {
			isa = XCBuildConfiguration;
			buildSettings = {
				ALWAYS_EMBED_SWIFT_STANDARD_LIBRARIES = YES;
				BUNDLE_LOADER = "$(TEST_HOST)";
				CODE_SIGN_STYLE = Automatic;
				INFOPLIST_FILE = "Citizen Scientist ProjectTests/Info.plist";
				LD_RUNPATH_SEARCH_PATHS = "$(inherited) @executable_path/Frameworks @loader_path/Frameworks";
				PRODUCT_BUNDLE_IDENTIFIER = "com.Key.Biscayne.Citizen-Scientist-ProjectTests";
				PRODUCT_NAME = "$(TARGET_NAME)";
				SWIFT_VERSION = 4.0;
				TARGETED_DEVICE_FAMILY = "1,2";
				TEST_HOST = "$(BUILT_PRODUCTS_DIR)/Citizen-Scientist-Project.app/Citizen-Scientist-Project";
			};
			name = Debug;
		};
		229E616F2022A79200D4BDDA /* Release */ = {
			isa = XCBuildConfiguration;
			buildSettings = {
				ALWAYS_EMBED_SWIFT_STANDARD_LIBRARIES = YES;
				BUNDLE_LOADER = "$(TEST_HOST)";
				CODE_SIGN_STYLE = Automatic;
				INFOPLIST_FILE = "Citizen Scientist ProjectTests/Info.plist";
				LD_RUNPATH_SEARCH_PATHS = "$(inherited) @executable_path/Frameworks @loader_path/Frameworks";
				PRODUCT_BUNDLE_IDENTIFIER = "com.Key.Biscayne.Citizen-Scientist-ProjectTests";
				PRODUCT_NAME = "$(TARGET_NAME)";
				SWIFT_VERSION = 4.0;
				TARGETED_DEVICE_FAMILY = "1,2";
				TEST_HOST = "$(BUILT_PRODUCTS_DIR)/Citizen-Scientist-Project.app/Citizen-Scientist-Project";
			};
			name = Release;
		};
		229E61712022A79200D4BDDA /* Debug */ = {
			isa = XCBuildConfiguration;
			buildSettings = {
				ALWAYS_EMBED_SWIFT_STANDARD_LIBRARIES = YES;
				CODE_SIGN_STYLE = Automatic;
				INFOPLIST_FILE = "Citizen Scientist ProjectUITests/Info.plist";
				LD_RUNPATH_SEARCH_PATHS = "$(inherited) @executable_path/Frameworks @loader_path/Frameworks";
				PRODUCT_BUNDLE_IDENTIFIER = "com.Key.Biscayne.Citizen-Scientist-ProjectUITests";
				PRODUCT_NAME = "$(TARGET_NAME)";
				SWIFT_VERSION = 4.0;
				TARGETED_DEVICE_FAMILY = "1,2";
				TEST_TARGET_NAME = "Citizen Scientist Project";
			};
			name = Debug;
		};
		229E61722022A79200D4BDDA /* Release */ = {
			isa = XCBuildConfiguration;
			buildSettings = {
				ALWAYS_EMBED_SWIFT_STANDARD_LIBRARIES = YES;
				CODE_SIGN_STYLE = Automatic;
				INFOPLIST_FILE = "Citizen Scientist ProjectUITests/Info.plist";
				LD_RUNPATH_SEARCH_PATHS = "$(inherited) @executable_path/Frameworks @loader_path/Frameworks";
				PRODUCT_BUNDLE_IDENTIFIER = "com.Key.Biscayne.Citizen-Scientist-ProjectUITests";
				PRODUCT_NAME = "$(TARGET_NAME)";
				SWIFT_VERSION = 4.0;
				TARGETED_DEVICE_FAMILY = "1,2";
				TEST_TARGET_NAME = "Citizen Scientist Project";
			};
			name = Release;
		};
/* End XCBuildConfiguration section */

/* Begin XCConfigurationList section */
		229E613A2022A79200D4BDDA /* Build configuration list for PBXProject "Citizen-Scientist-Project" */ = {
			isa = XCConfigurationList;
			buildConfigurations = (
				229E61682022A79200D4BDDA /* Debug */,
				229E61692022A79200D4BDDA /* Release */,
			);
			defaultConfigurationIsVisible = 0;
			defaultConfigurationName = Release;
		};
		229E616A2022A79200D4BDDA /* Build configuration list for PBXNativeTarget "Citizen-Scientist-Project" */ = {
			isa = XCConfigurationList;
			buildConfigurations = (
				229E616B2022A79200D4BDDA /* Debug */,
				229E616C2022A79200D4BDDA /* Release */,
			);
			defaultConfigurationIsVisible = 0;
			defaultConfigurationName = Release;
		};
		229E616D2022A79200D4BDDA /* Build configuration list for PBXNativeTarget "Citizen-Scientist-ProjectTests" */ = {
			isa = XCConfigurationList;
			buildConfigurations = (
				229E616E2022A79200D4BDDA /* Debug */,
				229E616F2022A79200D4BDDA /* Release */,
			);
			defaultConfigurationIsVisible = 0;
			defaultConfigurationName = Release;
		};
		229E61702022A79200D4BDDA /* Build configuration list for PBXNativeTarget "Citizen-Scientist-ProjectUITests" */ = {
			isa = XCConfigurationList;
			buildConfigurations = (
				229E61712022A79200D4BDDA /* Debug */,
				229E61722022A79200D4BDDA /* Release */,
			);
			defaultConfigurationIsVisible = 0;
			defaultConfigurationName = Release;
		};
/* End XCConfigurationList section */

/* Begin XCVersionGroup section */
		229E61492022A79200D4BDDA /* Citizen_Scientist_Project.xcdatamodeld */ = {
			isa = XCVersionGroup;
			children = (
				229E614A2022A79200D4BDDA /* Citizen_Scientist_Project.xcdatamodel */,
			);
			currentVersion = 229E614A2022A79200D4BDDA /* Citizen_Scientist_Project.xcdatamodel */;
			path = Citizen_Scientist_Project.xcdatamodeld;
			sourceTree = "<group>";
			versionGroupType = wrapper.xcdatamodel;
		};
/* End XCVersionGroup section */
	};
	rootObject = 229E61372022A79200D4BDDA /* Project object */;
}
