// !$*UTF8*$!
{
	archiveVersion = 1;
	classes = {
	};
	objectVersion = 48;
	objects = {

/* Begin PBXBuildFile section */
		22594972202D969F0047E055 /* SectionFooterView.swift in Sources */ = {isa = PBXBuildFile; fileRef = 22594971202D969F0047E055 /* SectionFooterView.swift */; };
		22594976202DA6EC0047E055 /* CollectionViewCellContent.swift in Sources */ = {isa = PBXBuildFile; fileRef = 22594975202DA6EC0047E055 /* CollectionViewCellContent.swift */; };
		22594978202DAA0C0047E055 /* CollectionViewContentManager.swift in Sources */ = {isa = PBXBuildFile; fileRef = 22594977202DAA0C0047E055 /* CollectionViewContentManager.swift */; };
		2259497B202DCCEC0047E055 /* SectionFooter.swift in Sources */ = {isa = PBXBuildFile; fileRef = 2259497A202DCCEC0047E055 /* SectionFooter.swift */; };
		22891A3D202DEBE7000FEBB4 /* SocialNetwork.swift in Sources */ = {isa = PBXBuildFile; fileRef = 22891A3C202DEBE7000FEBB4 /* SocialNetwork.swift */; };
		229E61432022A79200D4BDDA /* AppDelegate.swift in Sources */ = {isa = PBXBuildFile; fileRef = 229E61422022A79200D4BDDA /* AppDelegate.swift */; };
		229E61452022A79200D4BDDA /* ViewController.swift in Sources */ = {isa = PBXBuildFile; fileRef = 229E61442022A79200D4BDDA /* ViewController.swift */; };
		229E61482022A79200D4BDDA /* Main.storyboard in Resources */ = {isa = PBXBuildFile; fileRef = 229E61462022A79200D4BDDA /* Main.storyboard */; };
		229E614B2022A79200D4BDDA /* Citizen_Scientist_Project.xcdatamodeld in Sources */ = {isa = PBXBuildFile; fileRef = 229E61492022A79200D4BDDA /* Citizen_Scientist_Project.xcdatamodeld */; };
		229E614D2022A79200D4BDDA /* Assets.xcassets in Resources */ = {isa = PBXBuildFile; fileRef = 229E614C2022A79200D4BDDA /* Assets.xcassets */; };
		229E61502022A79200D4BDDA /* LaunchScreen.storyboard in Resources */ = {isa = PBXBuildFile; fileRef = 229E614E2022A79200D4BDDA /* LaunchScreen.storyboard */; };
		229E615B2022A79200D4BDDA /* Citizen_Scientist_ProjectTests.swift in Sources */ = {isa = PBXBuildFile; fileRef = 229E615A2022A79200D4BDDA /* Citizen_Scientist_ProjectTests.swift */; };
		229E61662022A79200D4BDDA /* Citizen_Scientist_ProjectUITests.swift in Sources */ = {isa = PBXBuildFile; fileRef = 229E61652022A79200D4BDDA /* Citizen_Scientist_ProjectUITests.swift */; };
		22F78C8F202D0F900001049D /* CollectionViewCell.swift in Sources */ = {isa = PBXBuildFile; fileRef = 22F78C8E202D0F900001049D /* CollectionViewCell.swift */; };
		6D021BFE203E2A0C003E35D5 /* LearnViewController.swift in Sources */ = {isa = PBXBuildFile; fileRef = 6D021BFD203E2A0C003E35D5 /* LearnViewController.swift */; };
		6D021C00203E2A36003E35D5 /* ExploreViewController.swift in Sources */ = {isa = PBXBuildFile; fileRef = 6D021BFF203E2A36003E35D5 /* ExploreViewController.swift */; };
		6D021C02203E2A47003E35D5 /* RecordViewController.swift in Sources */ = {isa = PBXBuildFile; fileRef = 6D021C01203E2A47003E35D5 /* RecordViewController.swift */; };
		6D021C04203E2A52003E35D5 /* ReviewViewController.swift in Sources */ = {isa = PBXBuildFile; fileRef = 6D021C03203E2A52003E35D5 /* ReviewViewController.swift */; };
		6D021C06203E2E1D003E35D5 /* KeyChallengeViewController.swift in Sources */ = {isa = PBXBuildFile; fileRef = 6D021C05203E2E1D003E35D5 /* KeyChallengeViewController.swift */; };
		6D021C08203E2E2F003E35D5 /* SeaLevelRiseViewController.swift in Sources */ = {isa = PBXBuildFile; fileRef = 6D021C07203E2E2F003E35D5 /* SeaLevelRiseViewController.swift */; };
		6D021C0A203E2E3F003E35D5 /* WaterWatchViewController.swift in Sources */ = {isa = PBXBuildFile; fileRef = 6D021C09203E2E3F003E35D5 /* WaterWatchViewController.swift */; };
		6D021C0C203E2E52003E35D5 /* ReefRestorationViewController.swift in Sources */ = {isa = PBXBuildFile; fileRef = 6D021C0B203E2E52003E35D5 /* ReefRestorationViewController.swift */; };
		6D021C0E203E2E63003E35D5 /* LectureSeriesViewController.swift in Sources */ = {isa = PBXBuildFile; fileRef = 6D021C0D203E2E63003E35D5 /* LectureSeriesViewController.swift */; };
		6D021C10203E2E72003E35D5 /* FieldActivityViewController.swift in Sources */ = {isa = PBXBuildFile; fileRef = 6D021C0F203E2E72003E35D5 /* FieldActivityViewController.swift */; };
		6D021C12203E3117003E35D5 /* AboutUsViewController.swift in Sources */ = {isa = PBXBuildFile; fileRef = 6D021C11203E3117003E35D5 /* AboutUsViewController.swift */; };
		6D021C14203E3126003E35D5 /* OurBiomesViewController.swift in Sources */ = {isa = PBXBuildFile; fileRef = 6D021C13203E3126003E35D5 /* OurBiomesViewController.swift */; };
		6D021C16203E3133003E35D5 /* NewslettersViewController.swift in Sources */ = {isa = PBXBuildFile; fileRef = 6D021C15203E3133003E35D5 /* NewslettersViewController.swift */; };
		6D021C18203E3142003E35D5 /* OurPartnersViewController.swift in Sources */ = {isa = PBXBuildFile; fileRef = 6D021C17203E3142003E35D5 /* OurPartnersViewController.swift */; };
		6D021C1A203E314E003E35D5 /* ContactUsViewController.swift in Sources */ = {isa = PBXBuildFile; fileRef = 6D021C19203E314E003E35D5 /* ContactUsViewController.swift */; };
		6D0DCF2E203B5AC3000F5D62 /* NavigationTableViewCell.swift in Sources */ = {isa = PBXBuildFile; fileRef = 6D0DCF2D203B5AC3000F5D62 /* NavigationTableViewCell.swift */; };
		6D0DCF30203B6382000F5D62 /* NavigationTableViewController.swift in Sources */ = {isa = PBXBuildFile; fileRef = 6D0DCF2F203B6382000F5D62 /* NavigationTableViewController.swift */; };
		6D37E600203C869D00FF4BBA /* ProfileViewController.swift in Sources */ = {isa = PBXBuildFile; fileRef = 6D37E5FF203C869D00FF4BBA /* ProfileViewController.swift */; };
		6D37E602203C884B00FF4BBA /* GeoHuntViewController.swift in Sources */ = {isa = PBXBuildFile; fileRef = 6D37E601203C884B00FF4BBA /* GeoHuntViewController.swift */; };
		6D37E608203C893A00FF4BBA /* EventsViewController.swift in Sources */ = {isa = PBXBuildFile; fileRef = 6D37E607203C893A00FF4BBA /* EventsViewController.swift */; };
		6D37E60A203C897100FF4BBA /* NewsViewController.swift in Sources */ = {isa = PBXBuildFile; fileRef = 6D37E609203C897100FF4BBA /* NewsViewController.swift */; };
/* End PBXBuildFile section */

/* Begin PBXContainerItemProxy section */
		229E61572022A79200D4BDDA /* PBXContainerItemProxy */ = {
			isa = PBXContainerItemProxy;
			containerPortal = 229E61372022A79200D4BDDA /* Project object */;
			proxyType = 1;
			remoteGlobalIDString = 229E613E2022A79200D4BDDA;
			remoteInfo = "Citizen Scientist Project";
		};
		229E61622022A79200D4BDDA /* PBXContainerItemProxy */ = {
			isa = PBXContainerItemProxy;
			containerPortal = 229E61372022A79200D4BDDA /* Project object */;
			proxyType = 1;
			remoteGlobalIDString = 229E613E2022A79200D4BDDA;
			remoteInfo = "Citizen Scientist Project";
		};
/* End PBXContainerItemProxy section */

/* Begin PBXFileReference section */
		22594971202D969F0047E055 /* SectionFooterView.swift */ = {isa = PBXFileReference; lastKnownFileType = sourcecode.swift; path = SectionFooterView.swift; sourceTree = "<group>"; };
		22594975202DA6EC0047E055 /* CollectionViewCellContent.swift */ = {isa = PBXFileReference; lastKnownFileType = sourcecode.swift; path = CollectionViewCellContent.swift; sourceTree = "<group>"; };
		22594977202DAA0C0047E055 /* CollectionViewContentManager.swift */ = {isa = PBXFileReference; lastKnownFileType = sourcecode.swift; path = CollectionViewContentManager.swift; sourceTree = "<group>"; };
		2259497A202DCCEC0047E055 /* SectionFooter.swift */ = {isa = PBXFileReference; lastKnownFileType = sourcecode.swift; path = SectionFooter.swift; sourceTree = "<group>"; };
		22891A3C202DEBE7000FEBB4 /* SocialNetwork.swift */ = {isa = PBXFileReference; lastKnownFileType = sourcecode.swift; path = SocialNetwork.swift; sourceTree = "<group>"; };
		229E613F2022A79200D4BDDA /* Citizen Scientist Project.app */ = {isa = PBXFileReference; explicitFileType = wrapper.application; includeInIndex = 0; path = "Citizen Scientist Project.app"; sourceTree = BUILT_PRODUCTS_DIR; };
		229E61422022A79200D4BDDA /* AppDelegate.swift */ = {isa = PBXFileReference; lastKnownFileType = sourcecode.swift; path = AppDelegate.swift; sourceTree = "<group>"; };
		229E61442022A79200D4BDDA /* ViewController.swift */ = {isa = PBXFileReference; lastKnownFileType = sourcecode.swift; path = ViewController.swift; sourceTree = "<group>"; };
		229E61472022A79200D4BDDA /* Base */ = {isa = PBXFileReference; lastKnownFileType = file.storyboard; name = Base; path = Base.lproj/Main.storyboard; sourceTree = "<group>"; };
		229E614A2022A79200D4BDDA /* Citizen_Scientist_Project.xcdatamodel */ = {isa = PBXFileReference; lastKnownFileType = wrapper.xcdatamodel; path = Citizen_Scientist_Project.xcdatamodel; sourceTree = "<group>"; };
		229E614C2022A79200D4BDDA /* Assets.xcassets */ = {isa = PBXFileReference; lastKnownFileType = folder.assetcatalog; path = Assets.xcassets; sourceTree = "<group>"; };
		229E614F2022A79200D4BDDA /* Base */ = {isa = PBXFileReference; lastKnownFileType = file.storyboard; name = Base; path = Base.lproj/LaunchScreen.storyboard; sourceTree = "<group>"; };
		229E61512022A79200D4BDDA /* Info.plist */ = {isa = PBXFileReference; lastKnownFileType = text.plist.xml; path = Info.plist; sourceTree = "<group>"; };
		229E61562022A79200D4BDDA /* Citizen Scientist ProjectTests.xctest */ = {isa = PBXFileReference; explicitFileType = wrapper.cfbundle; includeInIndex = 0; path = "Citizen Scientist ProjectTests.xctest"; sourceTree = BUILT_PRODUCTS_DIR; };
		229E615A2022A79200D4BDDA /* Citizen_Scientist_ProjectTests.swift */ = {isa = PBXFileReference; lastKnownFileType = sourcecode.swift; path = Citizen_Scientist_ProjectTests.swift; sourceTree = "<group>"; };
		229E615C2022A79200D4BDDA /* Info.plist */ = {isa = PBXFileReference; lastKnownFileType = text.plist.xml; path = Info.plist; sourceTree = "<group>"; };
		229E61612022A79200D4BDDA /* Citizen Scientist ProjectUITests.xctest */ = {isa = PBXFileReference; explicitFileType = wrapper.cfbundle; includeInIndex = 0; path = "Citizen Scientist ProjectUITests.xctest"; sourceTree = BUILT_PRODUCTS_DIR; };
		229E61652022A79200D4BDDA /* Citizen_Scientist_ProjectUITests.swift */ = {isa = PBXFileReference; lastKnownFileType = sourcecode.swift; path = Citizen_Scientist_ProjectUITests.swift; sourceTree = "<group>"; };
		229E61672022A79200D4BDDA /* Info.plist */ = {isa = PBXFileReference; lastKnownFileType = text.plist.xml; path = Info.plist; sourceTree = "<group>"; };
		22F78C8E202D0F900001049D /* CollectionViewCell.swift */ = {isa = PBXFileReference; lastKnownFileType = sourcecode.swift; path = CollectionViewCell.swift; sourceTree = "<group>"; };
		6D021BFD203E2A0C003E35D5 /* LearnViewController.swift */ = {isa = PBXFileReference; lastKnownFileType = sourcecode.swift; path = LearnViewController.swift; sourceTree = "<group>"; };
		6D021BFF203E2A36003E35D5 /* ExploreViewController.swift */ = {isa = PBXFileReference; lastKnownFileType = sourcecode.swift; path = ExploreViewController.swift; sourceTree = "<group>"; };
		6D021C01203E2A47003E35D5 /* RecordViewController.swift */ = {isa = PBXFileReference; lastKnownFileType = sourcecode.swift; path = RecordViewController.swift; sourceTree = "<group>"; };
		6D021C03203E2A52003E35D5 /* ReviewViewController.swift */ = {isa = PBXFileReference; lastKnownFileType = sourcecode.swift; path = ReviewViewController.swift; sourceTree = "<group>"; };
		6D021C05203E2E1D003E35D5 /* KeyChallengeViewController.swift */ = {isa = PBXFileReference; lastKnownFileType = sourcecode.swift; path = KeyChallengeViewController.swift; sourceTree = "<group>"; };
		6D021C07203E2E2F003E35D5 /* SeaLevelRiseViewController.swift */ = {isa = PBXFileReference; lastKnownFileType = sourcecode.swift; path = SeaLevelRiseViewController.swift; sourceTree = "<group>"; };
		6D021C09203E2E3F003E35D5 /* WaterWatchViewController.swift */ = {isa = PBXFileReference; lastKnownFileType = sourcecode.swift; path = WaterWatchViewController.swift; sourceTree = "<group>"; };
		6D021C0B203E2E52003E35D5 /* ReefRestorationViewController.swift */ = {isa = PBXFileReference; lastKnownFileType = sourcecode.swift; path = ReefRestorationViewController.swift; sourceTree = "<group>"; };
		6D021C0D203E2E63003E35D5 /* LectureSeriesViewController.swift */ = {isa = PBXFileReference; lastKnownFileType = sourcecode.swift; path = LectureSeriesViewController.swift; sourceTree = "<group>"; };
		6D021C0F203E2E72003E35D5 /* FieldActivityViewController.swift */ = {isa = PBXFileReference; lastKnownFileType = sourcecode.swift; path = FieldActivityViewController.swift; sourceTree = "<group>"; };
		6D021C11203E3117003E35D5 /* AboutUsViewController.swift */ = {isa = PBXFileReference; lastKnownFileType = sourcecode.swift; path = AboutUsViewController.swift; sourceTree = "<group>"; };
		6D021C13203E3126003E35D5 /* OurBiomesViewController.swift */ = {isa = PBXFileReference; lastKnownFileType = sourcecode.swift; path = OurBiomesViewController.swift; sourceTree = "<group>"; };
		6D021C15203E3133003E35D5 /* NewslettersViewController.swift */ = {isa = PBXFileReference; lastKnownFileType = sourcecode.swift; path = NewslettersViewController.swift; sourceTree = "<group>"; };
		6D021C17203E3142003E35D5 /* OurPartnersViewController.swift */ = {isa = PBXFileReference; lastKnownFileType = sourcecode.swift; path = OurPartnersViewController.swift; sourceTree = "<group>"; };
		6D021C19203E314E003E35D5 /* ContactUsViewController.swift */ = {isa = PBXFileReference; lastKnownFileType = sourcecode.swift; path = ContactUsViewController.swift; sourceTree = "<group>"; };
		6D0DCF2D203B5AC3000F5D62 /* NavigationTableViewCell.swift */ = {isa = PBXFileReference; lastKnownFileType = sourcecode.swift; path = NavigationTableViewCell.swift; sourceTree = "<group>"; };
		6D0DCF2F203B6382000F5D62 /* NavigationTableViewController.swift */ = {isa = PBXFileReference; lastKnownFileType = sourcecode.swift; name = NavigationTableViewController.swift; path = "Citizen Scientist Project/Controller/NavigationTableViewController.swift"; sourceTree = SOURCE_ROOT; };
		6D37E5FF203C869D00FF4BBA /* ProfileViewController.swift */ = {isa = PBXFileReference; lastKnownFileType = sourcecode.swift; name = ProfileViewController.swift; path = "Citizen Scientist Project/Controller/ProfileViewController.swift"; sourceTree = SOURCE_ROOT; };
		6D37E601203C884B00FF4BBA /* GeoHuntViewController.swift */ = {isa = PBXFileReference; lastKnownFileType = sourcecode.swift; name = GeoHuntViewController.swift; path = "Citizen Scientist Project/Controller/GeoHuntViewController.swift"; sourceTree = SOURCE_ROOT; };
		6D37E607203C893A00FF4BBA /* EventsViewController.swift */ = {isa = PBXFileReference; lastKnownFileType = sourcecode.swift; path = EventsViewController.swift; sourceTree = "<group>"; };
		6D37E609203C897100FF4BBA /* NewsViewController.swift */ = {isa = PBXFileReference; lastKnownFileType = sourcecode.swift; path = NewsViewController.swift; sourceTree = "<group>"; };
/* End PBXFileReference section */

/* Begin PBXFrameworksBuildPhase section */
		229E613C2022A79200D4BDDA /* Frameworks */ = {
			isa = PBXFrameworksBuildPhase;
			buildActionMask = 2147483647;
			files = (
			);
			runOnlyForDeploymentPostprocessing = 0;
		};
		229E61532022A79200D4BDDA /* Frameworks */ = {
			isa = PBXFrameworksBuildPhase;
			buildActionMask = 2147483647;
			files = (
			);
			runOnlyForDeploymentPostprocessing = 0;
		};
		229E615E2022A79200D4BDDA /* Frameworks */ = {
			isa = PBXFrameworksBuildPhase;
			buildActionMask = 2147483647;
			files = (
			);
			runOnlyForDeploymentPostprocessing = 0;
		};
/* End PBXFrameworksBuildPhase section */

/* Begin PBXGroup section */
		22594979202DBFFB0047E055 /* Supporting Files */ = {
			isa = PBXGroup;
			children = (
				229E61422022A79200D4BDDA /* AppDelegate.swift */,
				229E614E2022A79200D4BDDA /* LaunchScreen.storyboard */,
				229E61512022A79200D4BDDA /* Info.plist */,
			);
			path = "Supporting Files";
			sourceTree = "<group>";
		};
		229E61362022A79200D4BDDA = {
			isa = PBXGroup;
			children = (
				229E61412022A79200D4BDDA /* Citizen Scientist Project */,
				229E61592022A79200D4BDDA /* Citizen Scientist ProjectTests */,
				229E61642022A79200D4BDDA /* Citizen Scientist ProjectUITests */,
				229E61402022A79200D4BDDA /* Products */,
			);
			sourceTree = "<group>";
		};
		229E61402022A79200D4BDDA /* Products */ = {
			isa = PBXGroup;
			children = (
				229E613F2022A79200D4BDDA /* Citizen Scientist Project.app */,
				229E61562022A79200D4BDDA /* Citizen Scientist ProjectTests.xctest */,
				229E61612022A79200D4BDDA /* Citizen Scientist ProjectUITests.xctest */,
			);
			name = Products;
			sourceTree = "<group>";
		};
		229E61412022A79200D4BDDA /* Citizen Scientist Project */ = {
			isa = PBXGroup;
			children = (
				22F78C90202D15290001049D /* Model */,
				22F78C91202D153D0001049D /* View */,
				22F78C92202D15430001049D /* Controller */,
				22594979202DBFFB0047E055 /* Supporting Files */,
				229E614C2022A79200D4BDDA /* Assets.xcassets */,
				229E61492022A79200D4BDDA /* Citizen_Scientist_Project.xcdatamodeld */,
			);
			path = "Citizen Scientist Project";
			sourceTree = "<group>";
		};
		229E61592022A79200D4BDDA /* Citizen Scientist ProjectTests */ = {
			isa = PBXGroup;
			children = (
				229E615A2022A79200D4BDDA /* Citizen_Scientist_ProjectTests.swift */,
				229E615C2022A79200D4BDDA /* Info.plist */,
			);
			path = "Citizen Scientist ProjectTests";
			sourceTree = "<group>";
		};
		229E61642022A79200D4BDDA /* Citizen Scientist ProjectUITests */ = {
			isa = PBXGroup;
			children = (
				229E61652022A79200D4BDDA /* Citizen_Scientist_ProjectUITests.swift */,
				229E61672022A79200D4BDDA /* Info.plist */,
			);
			path = "Citizen Scientist ProjectUITests";
			sourceTree = "<group>";
		};
		22F78C90202D15290001049D /* Model */ = {
			isa = PBXGroup;
			children = (
				22594975202DA6EC0047E055 /* CollectionViewCellContent.swift */,
				22594977202DAA0C0047E055 /* CollectionViewContentManager.swift */,
				2259497A202DCCEC0047E055 /* SectionFooter.swift */,
				22891A3C202DEBE7000FEBB4 /* SocialNetwork.swift */,
			);
			path = Model;
			sourceTree = "<group>";
		};
		22F78C91202D153D0001049D /* View */ = {
			isa = PBXGroup;
			children = (
				229E61462022A79200D4BDDA /* Main.storyboard */,
				22F78C8E202D0F900001049D /* CollectionViewCell.swift */,
				22594971202D969F0047E055 /* SectionFooterView.swift */,
				6D0DCF2D203B5AC3000F5D62 /* NavigationTableViewCell.swift */,
			);
			path = View;
			sourceTree = "<group>";
		};
		22F78C92202D15430001049D /* Controller */ = {
			isa = PBXGroup;
			children = (
				6D0DCF2F203B6382000F5D62 /* NavigationTableViewController.swift */,
				229E61442022A79200D4BDDA /* ViewController.swift */,
				6D37E5FF203C869D00FF4BBA /* ProfileViewController.swift */,
				6D37E601203C884B00FF4BBA /* GeoHuntViewController.swift */,
				6D021BFD203E2A0C003E35D5 /* LearnViewController.swift */,
				6D021BFF203E2A36003E35D5 /* ExploreViewController.swift */,
				6D021C01203E2A47003E35D5 /* RecordViewController.swift */,
				6D021C03203E2A52003E35D5 /* ReviewViewController.swift */,
				6D021C05203E2E1D003E35D5 /* KeyChallengeViewController.swift */,
				6D021C07203E2E2F003E35D5 /* SeaLevelRiseViewController.swift */,
				6D021C09203E2E3F003E35D5 /* WaterWatchViewController.swift */,
				6D021C0B203E2E52003E35D5 /* ReefRestorationViewController.swift */,
				6D021C0D203E2E63003E35D5 /* LectureSeriesViewController.swift */,
				6D021C0F203E2E72003E35D5 /* FieldActivityViewController.swift */,
				6D37E607203C893A00FF4BBA /* EventsViewController.swift */,
				6D37E609203C897100FF4BBA /* NewsViewController.swift */,
				6D021C11203E3117003E35D5 /* AboutUsViewController.swift */,
				6D021C13203E3126003E35D5 /* OurBiomesViewController.swift */,
				6D021C15203E3133003E35D5 /* NewslettersViewController.swift */,
				6D021C17203E3142003E35D5 /* OurPartnersViewController.swift */,
				6D021C19203E314E003E35D5 /* ContactUsViewController.swift */,
			);
			path = Controller;
			sourceTree = "<group>";
		};
/* End PBXGroup section */

/* Begin PBXNativeTarget section */
		229E613E2022A79200D4BDDA /* Citizen Scientist Project */ = {
			isa = PBXNativeTarget;
			buildConfigurationList = 229E616A2022A79200D4BDDA /* Build configuration list for PBXNativeTarget "Citizen Scientist Project" */;
			buildPhases = (
				229E613B2022A79200D4BDDA /* Sources */,
				229E613C2022A79200D4BDDA /* Frameworks */,
				229E613D2022A79200D4BDDA /* Resources */,
			);
			buildRules = (
			);
			dependencies = (
			);
			name = "Citizen Scientist Project";
			productName = "Citizen Scientist Project";
			productReference = 229E613F2022A79200D4BDDA /* Citizen Scientist Project.app */;
			productType = "com.apple.product-type.application";
		};
		229E61552022A79200D4BDDA /* Citizen Scientist ProjectTests */ = {
			isa = PBXNativeTarget;
			buildConfigurationList = 229E616D2022A79200D4BDDA /* Build configuration list for PBXNativeTarget "Citizen Scientist ProjectTests" */;
			buildPhases = (
				229E61522022A79200D4BDDA /* Sources */,
				229E61532022A79200D4BDDA /* Frameworks */,
				229E61542022A79200D4BDDA /* Resources */,
			);
			buildRules = (
			);
			dependencies = (
				229E61582022A79200D4BDDA /* PBXTargetDependency */,
			);
			name = "Citizen Scientist ProjectTests";
			productName = "Citizen Scientist ProjectTests";
			productReference = 229E61562022A79200D4BDDA /* Citizen Scientist ProjectTests.xctest */;
			productType = "com.apple.product-type.bundle.unit-test";
		};
		229E61602022A79200D4BDDA /* Citizen Scientist ProjectUITests */ = {
			isa = PBXNativeTarget;
			buildConfigurationList = 229E61702022A79200D4BDDA /* Build configuration list for PBXNativeTarget "Citizen Scientist ProjectUITests" */;
			buildPhases = (
				229E615D2022A79200D4BDDA /* Sources */,
				229E615E2022A79200D4BDDA /* Frameworks */,
				229E615F2022A79200D4BDDA /* Resources */,
			);
			buildRules = (
			);
			dependencies = (
				229E61632022A79200D4BDDA /* PBXTargetDependency */,
			);
			name = "Citizen Scientist ProjectUITests";
			productName = "Citizen Scientist ProjectUITests";
			productReference = 229E61612022A79200D4BDDA /* Citizen Scientist ProjectUITests.xctest */;
			productType = "com.apple.product-type.bundle.ui-testing";
		};
/* End PBXNativeTarget section */

/* Begin PBXProject section */
		229E61372022A79200D4BDDA /* Project object */ = {
			isa = PBXProject;
			attributes = {
				LastSwiftUpdateCheck = 0920;
				LastUpgradeCheck = 0920;
				ORGANIZATIONNAME = "Key Biscayne";
				TargetAttributes = {
					229E613E2022A79200D4BDDA = {
						CreatedOnToolsVersion = 9.2;
						ProvisioningStyle = Automatic;
					};
					229E61552022A79200D4BDDA = {
						CreatedOnToolsVersion = 9.2;
						ProvisioningStyle = Automatic;
						TestTargetID = 229E613E2022A79200D4BDDA;
					};
					229E61602022A79200D4BDDA = {
						CreatedOnToolsVersion = 9.2;
						ProvisioningStyle = Automatic;
						TestTargetID = 229E613E2022A79200D4BDDA;
					};
				};
			};
			buildConfigurationList = 229E613A2022A79200D4BDDA /* Build configuration list for PBXProject "Citizen Scientist Project" */;
			compatibilityVersion = "Xcode 8.0";
			developmentRegion = en;
			hasScannedForEncodings = 0;
			knownRegions = (
				en,
				Base,
			);
			mainGroup = 229E61362022A79200D4BDDA;
			productRefGroup = 229E61402022A79200D4BDDA /* Products */;
			projectDirPath = "";
			projectRoot = "";
			targets = (
				229E613E2022A79200D4BDDA /* Citizen Scientist Project */,
				229E61552022A79200D4BDDA /* Citizen Scientist ProjectTests */,
				229E61602022A79200D4BDDA /* Citizen Scientist ProjectUITests */,
			);
		};
/* End PBXProject section */

/* Begin PBXResourcesBuildPhase section */
		229E613D2022A79200D4BDDA /* Resources */ = {
			isa = PBXResourcesBuildPhase;
			buildActionMask = 2147483647;
			files = (
				229E61502022A79200D4BDDA /* LaunchScreen.storyboard in Resources */,
				229E614D2022A79200D4BDDA /* Assets.xcassets in Resources */,
				229E61482022A79200D4BDDA /* Main.storyboard in Resources */,
			);
			runOnlyForDeploymentPostprocessing = 0;
		};
		229E61542022A79200D4BDDA /* Resources */ = {
			isa = PBXResourcesBuildPhase;
			buildActionMask = 2147483647;
			files = (
			);
			runOnlyForDeploymentPostprocessing = 0;
		};
		229E615F2022A79200D4BDDA /* Resources */ = {
			isa = PBXResourcesBuildPhase;
			buildActionMask = 2147483647;
			files = (
			);
			runOnlyForDeploymentPostprocessing = 0;
		};
/* End PBXResourcesBuildPhase section */

/* Begin PBXSourcesBuildPhase section */
		229E613B2022A79200D4BDDA /* Sources */ = {
			isa = PBXSourcesBuildPhase;
			buildActionMask = 2147483647;
			files = (
				6D021C14203E3126003E35D5 /* OurBiomesViewController.swift in Sources */,
				22594976202DA6EC0047E055 /* CollectionViewCellContent.swift in Sources */,
				6D021C02203E2A47003E35D5 /* RecordViewController.swift in Sources */,
				6D0DCF30203B6382000F5D62 /* NavigationTableViewController.swift in Sources */,
				229E61452022A79200D4BDDA /* ViewController.swift in Sources */,
				6D021C16203E3133003E35D5 /* NewslettersViewController.swift in Sources */,
				2259497B202DCCEC0047E055 /* SectionFooter.swift in Sources */,
				6D021C0C203E2E52003E35D5 /* ReefRestorationViewController.swift in Sources */,
				6D021C0E203E2E63003E35D5 /* LectureSeriesViewController.swift in Sources */,
				6D021BFE203E2A0C003E35D5 /* LearnViewController.swift in Sources */,
				22891A3D202DEBE7000FEBB4 /* SocialNetwork.swift in Sources */,
				229E61432022A79200D4BDDA /* AppDelegate.swift in Sources */,
				6D021C06203E2E1D003E35D5 /* KeyChallengeViewController.swift in Sources */,
				6D021C18203E3142003E35D5 /* OurPartnersViewController.swift in Sources */,
				6D37E600203C869D00FF4BBA /* ProfileViewController.swift in Sources */,
				6D37E608203C893A00FF4BBA /* EventsViewController.swift in Sources */,
				6D021C00203E2A36003E35D5 /* ExploreViewController.swift in Sources */,
				6D021C1A203E314E003E35D5 /* ContactUsViewController.swift in Sources */,
				6D021C12203E3117003E35D5 /* AboutUsViewController.swift in Sources */,
				6D021C0A203E2E3F003E35D5 /* WaterWatchViewController.swift in Sources */,
				22F78C8F202D0F900001049D /* CollectionViewCell.swift in Sources */,
				6D021C10203E2E72003E35D5 /* FieldActivityViewController.swift in Sources */,
				229E614B2022A79200D4BDDA /* Citizen_Scientist_Project.xcdatamodeld in Sources */,
				6D37E60A203C897100FF4BBA /* NewsViewController.swift in Sources */,
				6D021C08203E2E2F003E35D5 /* SeaLevelRiseViewController.swift in Sources */,
				22594978202DAA0C0047E055 /* CollectionViewContentManager.swift in Sources */,
				6D021C04203E2A52003E35D5 /* ReviewViewController.swift in Sources */,
				22594972202D969F0047E055 /* SectionFooterView.swift in Sources */,
				6D0DCF2E203B5AC3000F5D62 /* NavigationTableViewCell.swift in Sources */,
				6D37E602203C884B00FF4BBA /* GeoHuntViewController.swift in Sources */,
			);
			runOnlyForDeploymentPostprocessing = 0;
		};
		229E61522022A79200D4BDDA /* Sources */ = {
			isa = PBXSourcesBuildPhase;
			buildActionMask = 2147483647;
			files = (
				229E615B2022A79200D4BDDA /* Citizen_Scientist_ProjectTests.swift in Sources */,
			);
			runOnlyForDeploymentPostprocessing = 0;
		};
		229E615D2022A79200D4BDDA /* Sources */ = {
			isa = PBXSourcesBuildPhase;
			buildActionMask = 2147483647;
			files = (
				229E61662022A79200D4BDDA /* Citizen_Scientist_ProjectUITests.swift in Sources */,
			);
			runOnlyForDeploymentPostprocessing = 0;
		};
/* End PBXSourcesBuildPhase section */

/* Begin PBXTargetDependency section */
		229E61582022A79200D4BDDA /* PBXTargetDependency */ = {
			isa = PBXTargetDependency;
			target = 229E613E2022A79200D4BDDA /* Citizen Scientist Project */;
			targetProxy = 229E61572022A79200D4BDDA /* PBXContainerItemProxy */;
		};
		229E61632022A79200D4BDDA /* PBXTargetDependency */ = {
			isa = PBXTargetDependency;
			target = 229E613E2022A79200D4BDDA /* Citizen Scientist Project */;
			targetProxy = 229E61622022A79200D4BDDA /* PBXContainerItemProxy */;
		};
/* End PBXTargetDependency section */

/* Begin PBXVariantGroup section */
		229E61462022A79200D4BDDA /* Main.storyboard */ = {
			isa = PBXVariantGroup;
			children = (
				229E61472022A79200D4BDDA /* Base */,
			);
			name = Main.storyboard;
			sourceTree = "<group>";
		};
		229E614E2022A79200D4BDDA /* LaunchScreen.storyboard */ = {
			isa = PBXVariantGroup;
			children = (
				229E614F2022A79200D4BDDA /* Base */,
			);
			name = LaunchScreen.storyboard;
			sourceTree = "<group>";
		};
/* End PBXVariantGroup section */

/* Begin XCBuildConfiguration section */
		229E61682022A79200D4BDDA /* Debug */ = {
			isa = XCBuildConfiguration;
			buildSettings = {
				ALWAYS_SEARCH_USER_PATHS = NO;
				CLANG_ANALYZER_NONNULL = YES;
				CLANG_ANALYZER_NUMBER_OBJECT_CONVERSION = YES_AGGRESSIVE;
				CLANG_CXX_LANGUAGE_STANDARD = "gnu++14";
				CLANG_CXX_LIBRARY = "libc++";
				CLANG_ENABLE_MODULES = YES;
				CLANG_ENABLE_OBJC_ARC = YES;
				CLANG_WARN_BLOCK_CAPTURE_AUTORELEASING = YES;
				CLANG_WARN_BOOL_CONVERSION = YES;
				CLANG_WARN_COMMA = YES;
				CLANG_WARN_CONSTANT_CONVERSION = YES;
				CLANG_WARN_DIRECT_OBJC_ISA_USAGE = YES_ERROR;
				CLANG_WARN_DOCUMENTATION_COMMENTS = YES;
				CLANG_WARN_EMPTY_BODY = YES;
				CLANG_WARN_ENUM_CONVERSION = YES;
				CLANG_WARN_INFINITE_RECURSION = YES;
				CLANG_WARN_INT_CONVERSION = YES;
				CLANG_WARN_NON_LITERAL_NULL_CONVERSION = YES;
				CLANG_WARN_OBJC_LITERAL_CONVERSION = YES;
				CLANG_WARN_OBJC_ROOT_CLASS = YES_ERROR;
				CLANG_WARN_RANGE_LOOP_ANALYSIS = YES;
				CLANG_WARN_STRICT_PROTOTYPES = YES;
				CLANG_WARN_SUSPICIOUS_MOVE = YES;
				CLANG_WARN_UNGUARDED_AVAILABILITY = YES_AGGRESSIVE;
				CLANG_WARN_UNREACHABLE_CODE = YES;
				CLANG_WARN__DUPLICATE_METHOD_MATCH = YES;
				CODE_SIGN_IDENTITY = "iPhone Developer";
				COPY_PHASE_STRIP = NO;
				DEBUG_INFORMATION_FORMAT = dwarf;
				ENABLE_STRICT_OBJC_MSGSEND = YES;
				ENABLE_TESTABILITY = YES;
				GCC_C_LANGUAGE_STANDARD = gnu11;
				GCC_DYNAMIC_NO_PIC = NO;
				GCC_NO_COMMON_BLOCKS = YES;
				GCC_OPTIMIZATION_LEVEL = 0;
				GCC_PREPROCESSOR_DEFINITIONS = (
					"DEBUG=1",
					"$(inherited)",
				);
				GCC_WARN_64_TO_32_BIT_CONVERSION = YES;
				GCC_WARN_ABOUT_RETURN_TYPE = YES_ERROR;
				GCC_WARN_UNDECLARED_SELECTOR = YES;
				GCC_WARN_UNINITIALIZED_AUTOS = YES_AGGRESSIVE;
				GCC_WARN_UNUSED_FUNCTION = YES;
				GCC_WARN_UNUSED_VARIABLE = YES;
				IPHONEOS_DEPLOYMENT_TARGET = 11.2;
				MTL_ENABLE_DEBUG_INFO = YES;
				ONLY_ACTIVE_ARCH = YES;
				SDKROOT = iphoneos;
				SWIFT_ACTIVE_COMPILATION_CONDITIONS = DEBUG;
				SWIFT_OPTIMIZATION_LEVEL = "-Onone";
			};
			name = Debug;
		};
		229E61692022A79200D4BDDA /* Release */ = {
			isa = XCBuildConfiguration;
			buildSettings = {
				ALWAYS_SEARCH_USER_PATHS = NO;
				CLANG_ANALYZER_NONNULL = YES;
				CLANG_ANALYZER_NUMBER_OBJECT_CONVERSION = YES_AGGRESSIVE;
				CLANG_CXX_LANGUAGE_STANDARD = "gnu++14";
				CLANG_CXX_LIBRARY = "libc++";
				CLANG_ENABLE_MODULES = YES;
				CLANG_ENABLE_OBJC_ARC = YES;
				CLANG_WARN_BLOCK_CAPTURE_AUTORELEASING = YES;
				CLANG_WARN_BOOL_CONVERSION = YES;
				CLANG_WARN_COMMA = YES;
				CLANG_WARN_CONSTANT_CONVERSION = YES;
				CLANG_WARN_DIRECT_OBJC_ISA_USAGE = YES_ERROR;
				CLANG_WARN_DOCUMENTATION_COMMENTS = YES;
				CLANG_WARN_EMPTY_BODY = YES;
				CLANG_WARN_ENUM_CONVERSION = YES;
				CLANG_WARN_INFINITE_RECURSION = YES;
				CLANG_WARN_INT_CONVERSION = YES;
				CLANG_WARN_NON_LITERAL_NULL_CONVERSION = YES;
				CLANG_WARN_OBJC_LITERAL_CONVERSION = YES;
				CLANG_WARN_OBJC_ROOT_CLASS = YES_ERROR;
				CLANG_WARN_RANGE_LOOP_ANALYSIS = YES;
				CLANG_WARN_STRICT_PROTOTYPES = YES;
				CLANG_WARN_SUSPICIOUS_MOVE = YES;
				CLANG_WARN_UNGUARDED_AVAILABILITY = YES_AGGRESSIVE;
				CLANG_WARN_UNREACHABLE_CODE = YES;
				CLANG_WARN__DUPLICATE_METHOD_MATCH = YES;
				CODE_SIGN_IDENTITY = "iPhone Developer";
				COPY_PHASE_STRIP = NO;
				DEBUG_INFORMATION_FORMAT = "dwarf-with-dsym";
				ENABLE_NS_ASSERTIONS = NO;
				ENABLE_STRICT_OBJC_MSGSEND = YES;
				GCC_C_LANGUAGE_STANDARD = gnu11;
				GCC_NO_COMMON_BLOCKS = YES;
				GCC_WARN_64_TO_32_BIT_CONVERSION = YES;
				GCC_WARN_ABOUT_RETURN_TYPE = YES_ERROR;
				GCC_WARN_UNDECLARED_SELECTOR = YES;
				GCC_WARN_UNINITIALIZED_AUTOS = YES_AGGRESSIVE;
				GCC_WARN_UNUSED_FUNCTION = YES;
				GCC_WARN_UNUSED_VARIABLE = YES;
				IPHONEOS_DEPLOYMENT_TARGET = 11.2;
				MTL_ENABLE_DEBUG_INFO = NO;
				SDKROOT = iphoneos;
				SWIFT_OPTIMIZATION_LEVEL = "-Owholemodule";
				VALIDATE_PRODUCT = YES;
			};
			name = Release;
		};
		229E616B2022A79200D4BDDA /* Debug */ = {
			isa = XCBuildConfiguration;
			buildSettings = {
				ASSETCATALOG_COMPILER_APPICON_NAME = "";
				"CODE_SIGN_IDENTITY[sdk=iphoneos*]" = "iPhone Developer";
				CODE_SIGN_STYLE = Automatic;
				DEVELOPMENT_TEAM = R89DGE8VGB;
				INFOPLIST_FILE = "Citizen Scientist Project/Supporting Files/Info.plist";
				LD_RUNPATH_SEARCH_PATHS = "$(inherited) @executable_path/Frameworks";
				PRODUCT_BUNDLE_IDENTIFIER = "com.Key.Biscayne.Citizen-Scientist-Project";
				PRODUCT_NAME = "$(TARGET_NAME)";
				PROVISIONING_PROFILE_SPECIFIER = "";
				SWIFT_VERSION = 4.0;
				TARGETED_DEVICE_FAMILY = "1,2";
			};
			name = Debug;
		};
		229E616C2022A79200D4BDDA /* Release */ = {
			isa = XCBuildConfiguration;
			buildSettings = {
				ASSETCATALOG_COMPILER_APPICON_NAME = "";
				"CODE_SIGN_IDENTITY[sdk=iphoneos*]" = "iPhone Developer";
				CODE_SIGN_STYLE = Automatic;
				DEVELOPMENT_TEAM = R89DGE8VGB;
				INFOPLIST_FILE = "Citizen Scientist Project/Supporting Files/Info.plist";
				LD_RUNPATH_SEARCH_PATHS = "$(inherited) @executable_path/Frameworks";
				PRODUCT_BUNDLE_IDENTIFIER = "com.Key.Biscayne.Citizen-Scientist-Project";
				PRODUCT_NAME = "$(TARGET_NAME)";
				PROVISIONING_PROFILE_SPECIFIER = "";
				SWIFT_VERSION = 4.0;
				TARGETED_DEVICE_FAMILY = "1,2";
			};
			name = Release;
		};
		229E616E2022A79200D4BDDA /* Debug */ = {
			isa = XCBuildConfiguration;
			buildSettings = {
				ALWAYS_EMBED_SWIFT_STANDARD_LIBRARIES = YES;
				BUNDLE_LOADER = "$(TEST_HOST)";
				CODE_SIGN_STYLE = Automatic;
				INFOPLIST_FILE = "Citizen Scientist ProjectTests/Info.plist";
				LD_RUNPATH_SEARCH_PATHS = "$(inherited) @executable_path/Frameworks @loader_path/Frameworks";
				PRODUCT_BUNDLE_IDENTIFIER = "com.Key.Biscayne.Citizen-Scientist-ProjectTests";
				PRODUCT_NAME = "$(TARGET_NAME)";
				SWIFT_VERSION = 4.0;
				TARGETED_DEVICE_FAMILY = "1,2";
				TEST_HOST = "$(BUILT_PRODUCTS_DIR)/Citizen Scientist Project.app/Citizen Scientist Project";
			};
			name = Debug;
		};
		229E616F2022A79200D4BDDA /* Release */ = {
			isa = XCBuildConfiguration;
			buildSettings = {
				ALWAYS_EMBED_SWIFT_STANDARD_LIBRARIES = YES;
				BUNDLE_LOADER = "$(TEST_HOST)";
				CODE_SIGN_STYLE = Automatic;
				INFOPLIST_FILE = "Citizen Scientist ProjectTests/Info.plist";
				LD_RUNPATH_SEARCH_PATHS = "$(inherited) @executable_path/Frameworks @loader_path/Frameworks";
				PRODUCT_BUNDLE_IDENTIFIER = "com.Key.Biscayne.Citizen-Scientist-ProjectTests";
				PRODUCT_NAME = "$(TARGET_NAME)";
				SWIFT_VERSION = 4.0;
				TARGETED_DEVICE_FAMILY = "1,2";
				TEST_HOST = "$(BUILT_PRODUCTS_DIR)/Citizen Scientist Project.app/Citizen Scientist Project";
			};
			name = Release;
		};
		229E61712022A79200D4BDDA /* Debug */ = {
			isa = XCBuildConfiguration;
			buildSettings = {
				ALWAYS_EMBED_SWIFT_STANDARD_LIBRARIES = YES;
				CODE_SIGN_STYLE = Automatic;
				INFOPLIST_FILE = "Citizen Scientist ProjectUITests/Info.plist";
				LD_RUNPATH_SEARCH_PATHS = "$(inherited) @executable_path/Frameworks @loader_path/Frameworks";
				PRODUCT_BUNDLE_IDENTIFIER = "com.Key.Biscayne.Citizen-Scientist-ProjectUITests";
				PRODUCT_NAME = "$(TARGET_NAME)";
				SWIFT_VERSION = 4.0;
				TARGETED_DEVICE_FAMILY = "1,2";
				TEST_TARGET_NAME = "Citizen Scientist Project";
			};
			name = Debug;
		};
		229E61722022A79200D4BDDA /* Release */ = {
			isa = XCBuildConfiguration;
			buildSettings = {
				ALWAYS_EMBED_SWIFT_STANDARD_LIBRARIES = YES;
				CODE_SIGN_STYLE = Automatic;
				INFOPLIST_FILE = "Citizen Scientist ProjectUITests/Info.plist";
				LD_RUNPATH_SEARCH_PATHS = "$(inherited) @executable_path/Frameworks @loader_path/Frameworks";
				PRODUCT_BUNDLE_IDENTIFIER = "com.Key.Biscayne.Citizen-Scientist-ProjectUITests";
				PRODUCT_NAME = "$(TARGET_NAME)";
				SWIFT_VERSION = 4.0;
				TARGETED_DEVICE_FAMILY = "1,2";
				TEST_TARGET_NAME = "Citizen Scientist Project";
			};
			name = Release;
		};
/* End XCBuildConfiguration section */

/* Begin XCConfigurationList section */
		229E613A2022A79200D4BDDA /* Build configuration list for PBXProject "Citizen Scientist Project" */ = {
			isa = XCConfigurationList;
			buildConfigurations = (
				229E61682022A79200D4BDDA /* Debug */,
				229E61692022A79200D4BDDA /* Release */,
			);
			defaultConfigurationIsVisible = 0;
			defaultConfigurationName = Release;
		};
		229E616A2022A79200D4BDDA /* Build configuration list for PBXNativeTarget "Citizen Scientist Project" */ = {
			isa = XCConfigurationList;
			buildConfigurations = (
				229E616B2022A79200D4BDDA /* Debug */,
				229E616C2022A79200D4BDDA /* Release */,
			);
			defaultConfigurationIsVisible = 0;
			defaultConfigurationName = Release;
		};
		229E616D2022A79200D4BDDA /* Build configuration list for PBXNativeTarget "Citizen Scientist ProjectTests" */ = {
			isa = XCConfigurationList;
			buildConfigurations = (
				229E616E2022A79200D4BDDA /* Debug */,
				229E616F2022A79200D4BDDA /* Release */,
			);
			defaultConfigurationIsVisible = 0;
			defaultConfigurationName = Release;
		};
		229E61702022A79200D4BDDA /* Build configuration list for PBXNativeTarget "Citizen Scientist ProjectUITests" */ = {
			isa = XCConfigurationList;
			buildConfigurations = (
				229E61712022A79200D4BDDA /* Debug */,
				229E61722022A79200D4BDDA /* Release */,
			);
			defaultConfigurationIsVisible = 0;
			defaultConfigurationName = Release;
		};
/* End XCConfigurationList section */

/* Begin XCVersionGroup section */
		229E61492022A79200D4BDDA /* Citizen_Scientist_Project.xcdatamodeld */ = {
			isa = XCVersionGroup;
			children = (
				229E614A2022A79200D4BDDA /* Citizen_Scientist_Project.xcdatamodel */,
			);
			currentVersion = 229E614A2022A79200D4BDDA /* Citizen_Scientist_Project.xcdatamodel */;
			path = Citizen_Scientist_Project.xcdatamodeld;
			sourceTree = "<group>";
			versionGroupType = wrapper.xcdatamodel;
		};
/* End XCVersionGroup section */
	};
	rootObject = 229E61372022A79200D4BDDA /* Project object */;
}
